
Microsoft Visual Studio Solution File, Format Version 12.00
# Visual Studio Version 17
VisualStudioVersion = 17.2.32630.192
MinimumVisualStudioVersion = 10.0.40219.1
Project("{9A19103F-16F7-4668-BE54-9A1E7A4F7556}") = "R5T.S0105", "R5T.S0105\R5T.S0105.csproj", "{8670531B-B321-4EE9-A357-8460047A67A7}"
EndProject
Project("{2150E333-8FDC-42A3-9474-1A3956D46DE8}") = "_Dependencies", "_Dependencies", "{D654AF13-1D0D-4FE8-958D-9B69BF1CAC5E}"
EndProject
Project("{9A19103F-16F7-4668-BE54-9A1E7A4F7556}") = "R5T.F0000", "..\..\R5T.F0000\source\R5T.F0000\R5T.F0000.csproj", "{7EE1E24A-558B-4054-BC8F-41949A49BDDD}"
EndProject
Project("{9A19103F-16F7-4668-BE54-9A1E7A4F7556}") = "R5T.F0002", "..\..\R5T.F0002\source\R5T.F0002\R5T.F0002.csproj", "{457B60BE-5CEE-4CED-B49A-61ED89DB3653}"
EndProject
Project("{9A19103F-16F7-4668-BE54-9A1E7A4F7556}") = "R5T.F0020", "..\..\R5T.F0020\source\R5T.F0020\R5T.F0020.csproj", "{0A818C46-1639-468E-BC8F-B26BA5701DDD}"
EndProject
Project("{9A19103F-16F7-4668-BE54-9A1E7A4F7556}") = "R5T.F0033.Platform", "..\..\R5T.F0033\source\R5T.F0033.Platform\R5T.F0033.Platform.csproj", "{D78B1EBE-A3FC-4958-B429-33F0D80B6498}"
EndProject
Project("{9A19103F-16F7-4668-BE54-9A1E7A4F7556}") = "R5T.F0033", "..\..\R5T.F0033\source\R5T.F0033\R5T.F0033.csproj", "{924C239A-C598-4CC6-B3B2-85966AFB4764}"
EndProject
Project("{9A19103F-16F7-4668-BE54-9A1E7A4F7556}") = "R5T.F0034.Platform", "..\..\R5T.F0034\source\R5T.F0034.Platform\R5T.F0034.Platform.csproj", "{B1D03C05-DECD-45D8-AA4D-ED758B7FC360}"
EndProject
Project("{9A19103F-16F7-4668-BE54-9A1E7A4F7556}") = "R5T.F0034", "..\..\R5T.F0034\source\R5T.F0034\R5T.F0034.csproj", "{821AC75C-4062-4C32-82CC-3519D6F2254F}"
EndProject
Project("{9A19103F-16F7-4668-BE54-9A1E7A4F7556}") = "R5T.F0035.F001", "..\..\R5T.F0035\source\R5T.F0035.F001\R5T.F0035.F001.csproj", "{6B8C1597-AC7A-4C86-A883-D17C49D93C59}"
EndProject
Project("{9A19103F-16F7-4668-BE54-9A1E7A4F7556}") = "R5T.F0040.F000", "..\..\R5T.F0040\source\R5T.F0040.F000\R5T.F0040.F000.csproj", "{21D54FB3-4CE1-4ABA-B8E2-5FCEE7494A1F}"
EndProject
Project("{9A19103F-16F7-4668-BE54-9A1E7A4F7556}") = "R5T.F0040", "..\..\R5T.F0040\source\R5T.F0040\R5T.F0040.csproj", "{5085C59B-FCF1-451F-9666-8F76D52E47F4}"
EndProject
Project("{9A19103F-16F7-4668-BE54-9A1E7A4F7556}") = "R5T.F0059", "..\..\R5T.F0059\source\R5T.F0059\R5T.F0059.csproj", "{564D9D36-F429-4FE4-BD55-B565BA6D9016}"
EndProject
Project("{9A19103F-16F7-4668-BE54-9A1E7A4F7556}") = "R5T.F0120", "..\..\R5T.F0120\source\R5T.F0120\R5T.F0120.csproj", "{E0DFC263-9A79-453E-BB00-DE4027F5E955}"
EndProject
Project("{9A19103F-16F7-4668-BE54-9A1E7A4F7556}") = "R5T.F0124", "..\..\R5T.F0124\source\R5T.F0124\R5T.F0124.csproj", "{1B8EA30F-A41C-43FF-BE11-ACC0A0A55C37}"
EndProject
Project("{9A19103F-16F7-4668-BE54-9A1E7A4F7556}") = "R5T.F0125", "..\..\R5T.F0125\source\R5T.F0125\R5T.F0125.csproj", "{DD2863DD-91EC-4421-87AC-D1CBF31D7E7D}"
EndProject
Project("{9A19103F-16F7-4668-BE54-9A1E7A4F7556}") = "R5T.F0138", "..\..\R5T.F0138\source\R5T.F0138\R5T.F0138.csproj", "{477FBCBF-199C-4EF7-8CBA-59360B001E01}"
EndProject
Project("{9A19103F-16F7-4668-BE54-9A1E7A4F7556}") = "R5T.F0139", "..\..\R5T.F0139\source\R5T.F0139\R5T.F0139.csproj", "{BF3690F6-C263-44EC-89AE-4C8C7CE96D9D}"
EndProject
Project("{9A19103F-16F7-4668-BE54-9A1E7A4F7556}") = "R5T.F0140", "..\..\R5T.F0140\source\R5T.F0140\R5T.F0140.csproj", "{F1E086C5-EF05-4BCD-A801-BF79428A58B2}"
EndProject
Project("{9A19103F-16F7-4668-BE54-9A1E7A4F7556}") = "R5T.L0030.T000", "..\..\R5T.L0030\source\R5T.L0030.T000\R5T.L0030.T000.csproj", "{37350885-C71D-4A75-AB31-6B898F6E15C0}"
EndProject
Project("{9A19103F-16F7-4668-BE54-9A1E7A4F7556}") = "R5T.L0030", "..\..\R5T.L0030\source\R5T.L0030\R5T.L0030.csproj", "{5D52D7E4-A93F-4BBB-A59C-6236ACDE4FBF}"
EndProject
Project("{9A19103F-16F7-4668-BE54-9A1E7A4F7556}") = "R5T.L0032.T000", "..\..\R5T.L0032\source\R5T.L0032.T000\R5T.L0032.T000.csproj", "{F9D0BA4A-35D1-4395-8452-8F7ADE9FCAE0}"
EndProject
Project("{9A19103F-16F7-4668-BE54-9A1E7A4F7556}") = "R5T.L0034", "..\..\R5T.L0034\source\R5T.L0034\R5T.L0034.csproj", "{AE768BCA-F38B-48A8-B7D7-2251F5ECC6BC}"
EndProject
Project("{9A19103F-16F7-4668-BE54-9A1E7A4F7556}") = "R5T.L0035", "..\..\R5T.L0035\source\R5T.L0035\R5T.L0035.csproj", "{6F969BD1-2CC3-4E23-A85B-0CE046D53911}"
EndProject
Project("{9A19103F-16F7-4668-BE54-9A1E7A4F7556}") = "R5T.L0053", "..\..\R5T.L0053\source\R5T.L0053\R5T.L0053.csproj", "{CE9D8228-7F52-4361-B0BF-4BF232D9C7C9}"
EndProject
Project("{9A19103F-16F7-4668-BE54-9A1E7A4F7556}") = "R5T.L0055", "..\..\R5T.L0055\source\R5T.L0055\R5T.L0055.csproj", "{78D68325-79FD-448D-9F65-8C51D91BE83B}"
EndProject
Project("{9A19103F-16F7-4668-BE54-9A1E7A4F7556}") = "R5T.L0056", "..\..\R5T.L0056\source\R5T.L0056\R5T.L0056.csproj", "{B922C863-4EE9-44E5-B989-65922D53FC8D}"
EndProject
Project("{9A19103F-16F7-4668-BE54-9A1E7A4F7556}") = "R5T.L0057", "..\..\R5T.L0057\source\R5T.L0057\R5T.L0057.csproj", "{85F35DD8-EDC2-4B31-B89E-F89310A9761E}"
EndProject
Project("{9A19103F-16F7-4668-BE54-9A1E7A4F7556}") = "R5T.L0058", "..\..\R5T.L0058\source\R5T.L0058\R5T.L0058.csproj", "{03ECBF8E-2BC8-44B5-9A94-6D919470AF87}"
EndProject
Project("{9A19103F-16F7-4668-BE54-9A1E7A4F7556}") = "R5T.L0061", "..\..\R5T.L0061\source\R5T.L0061\R5T.L0061.csproj", "{65E622CC-39F9-4F35-8030-C2A4346964EE}"
EndProject
Project("{9A19103F-16F7-4668-BE54-9A1E7A4F7556}") = "R5T.L0064.F001", "..\..\R5T.L0064\source\R5T.L0064.F001\R5T.L0064.F001.csproj", "{00E1B762-F591-4449-A5D1-1C0A94FB7F90}"
EndProject
Project("{9A19103F-16F7-4668-BE54-9A1E7A4F7556}") = "R5T.NG0002", "..\..\R5T.NG0002\source\R5T.NG0002\R5T.NG0002.csproj", "{22954CB4-72B0-414F-9508-F05B01D2585D}"
EndProject
Project("{9A19103F-16F7-4668-BE54-9A1E7A4F7556}") = "R5T.NG0006", "..\..\R5T.NG0006\source\R5T.NG0006\R5T.NG0006.csproj", "{464FF074-7C69-4906-9D3F-0265F770764C}"
EndProject
Project("{9A19103F-16F7-4668-BE54-9A1E7A4F7556}") = "R5T.NG0007", "..\..\R5T.NG0007\source\R5T.NG0007\R5T.NG0007.csproj", "{BBFC5203-3D80-4764-B974-82D7F39A1048}"
EndProject
Project("{9A19103F-16F7-4668-BE54-9A1E7A4F7556}") = "R5T.NG0010", "..\..\R5T.NG0010\source\R5T.NG0010\R5T.NG0010.csproj", "{FDD3EC2E-008E-4250-BB30-F5A3DF072903}"
EndProject
Project("{9A19103F-16F7-4668-BE54-9A1E7A4F7556}") = "R5T.NG0022", "..\..\R5T.NG0022\source\R5T.NG0022\R5T.NG0022.csproj", "{B8496F0D-2CB2-4DF3-AC16-19BBCBADC72B}"
EndProject
Project("{9A19103F-16F7-4668-BE54-9A1E7A4F7556}") = "R5T.T0131", "..\..\R5T.T0131\source\R5T.T0131\R5T.T0131.csproj", "{6CB361C4-9AD5-4E92-9258-B5F58B2E8927}"
EndProject
Project("{9A19103F-16F7-4668-BE54-9A1E7A4F7556}") = "R5T.T0132", "..\..\R5T.T0132\source\R5T.T0132\R5T.T0132.csproj", "{F9DE3E89-869A-441E-8846-7172538F10DC}"
EndProject
Project("{9A19103F-16F7-4668-BE54-9A1E7A4F7556}") = "R5T.T0141", "..\..\R5T.T0141\source\R5T.T0141\R5T.T0141.csproj", "{E72C8366-AE71-4DD3-8804-A946DB144449}"
EndProject
Project("{9A19103F-16F7-4668-BE54-9A1E7A4F7556}") = "R5T.T0142", "..\..\R5T.T0142\source\R5T.T0142\R5T.T0142.csproj", "{9179046C-9B1C-440D-BC58-76C3C44B75AE}"
EndProject
Project("{9A19103F-16F7-4668-BE54-9A1E7A4F7556}") = "R5T.T0143", "..\..\R5T.T0143\source\R5T.T0143\R5T.T0143.csproj", "{11D6BF16-7828-4446-A3A4-AF3BA33C055F}"
EndProject
Project("{9A19103F-16F7-4668-BE54-9A1E7A4F7556}") = "R5T.T0148", "..\..\R5T.T0148\source\R5T.T0148\R5T.T0148.csproj", "{4CCCA377-EE57-4E39-9C43-E0C4CBBC098B}"
EndProject
Project("{9A19103F-16F7-4668-BE54-9A1E7A4F7556}") = "R5T.T0150", "..\..\R5T.T0150\source\R5T.T0150\R5T.T0150.csproj", "{815518A0-B3D1-4B02-8E9C-A312335335B3}"
EndProject
Project("{9A19103F-16F7-4668-BE54-9A1E7A4F7556}") = "R5T.T0151", "..\..\R5T.T0151\source\R5T.T0151\R5T.T0151.csproj", "{F653521F-3617-42B5-94A5-DC9977D02A38}"
EndProject
Project("{9A19103F-16F7-4668-BE54-9A1E7A4F7556}") = "R5T.T0152", "..\..\R5T.T0152\source\R5T.T0152\R5T.T0152.csproj", "{3F1DF678-6C53-451E-B19E-03C59D58C2EE}"
EndProject
Project("{9A19103F-16F7-4668-BE54-9A1E7A4F7556}") = "R5T.T0156", "..\..\R5T.T0156\source\R5T.T0156\R5T.T0156.csproj", "{A80D398C-D9F2-4BF7-B7B8-3982E18DE920}"
EndProject
Project("{9A19103F-16F7-4668-BE54-9A1E7A4F7556}") = "R5T.T0158.F000", "..\..\R5T.T0158\source\R5T.T0158.F000\R5T.T0158.F000.csproj", "{1094C229-3965-42EF-8967-4DF1DFCD4B4A}"
EndProject
Project("{9A19103F-16F7-4668-BE54-9A1E7A4F7556}") = "R5T.T0158.T000", "..\..\R5T.T0158\source\R5T.T0158.T000\R5T.T0158.T000.csproj", "{CACAB38E-DE8C-411B-A930-2FD716767A3C}"
EndProject
Project("{9A19103F-16F7-4668-BE54-9A1E7A4F7556}") = "R5T.T0158", "..\..\R5T.T0158\source\R5T.T0158\R5T.T0158.csproj", "{9CF5FF8D-E771-452D-96EC-1F16E1407FB0}"
EndProject
Project("{9A19103F-16F7-4668-BE54-9A1E7A4F7556}") = "R5T.T0159.F000", "..\..\R5T.T0159\source\R5T.T0159.F000\R5T.T0159.F000.csproj", "{06555487-923A-42BA-B530-1C229415E3AE}"
EndProject
Project("{9A19103F-16F7-4668-BE54-9A1E7A4F7556}") = "R5T.T0159", "..\..\R5T.T0159\source\R5T.T0159\R5T.T0159.csproj", "{A614BBCF-48DF-49EC-ABBA-7A34BFD7E0F4}"
EndProject
Project("{9A19103F-16F7-4668-BE54-9A1E7A4F7556}") = "R5T.T0161", "..\..\R5T.T0161\source\R5T.T0161\R5T.T0161.csproj", "{4B6A705B-BBA7-4E46-892C-8F9708267863}"
EndProject
Project("{9A19103F-16F7-4668-BE54-9A1E7A4F7556}") = "R5T.T0172", "..\..\R5T.T0172\source\R5T.T0172\R5T.T0172.csproj", "{7436EEE7-7C1E-4928-8620-8DC81DFC4986}"
EndProject
Project("{9A19103F-16F7-4668-BE54-9A1E7A4F7556}") = "R5T.T0174", "..\..\R5T.T0174\source\R5T.T0174\R5T.T0174.csproj", "{43D302A1-350E-4178-AD0F-14579377DDF0}"
EndProject
Project("{9A19103F-16F7-4668-BE54-9A1E7A4F7556}") = "R5T.T0176", "..\..\R5T.T0176\source\R5T.T0176\R5T.T0176.csproj", "{04C2CACB-1A8D-4765-94E4-003C3ED64291}"
EndProject
Project("{9A19103F-16F7-4668-BE54-9A1E7A4F7556}") = "R5T.T0177", "..\..\R5T.T0177\source\R5T.T0177\R5T.T0177.csproj", "{65FF9C35-890B-417F-AADF-A985B54AED34}"
EndProject
Project("{9A19103F-16F7-4668-BE54-9A1E7A4F7556}") = "R5T.T0178", "..\..\R5T.T0178\source\R5T.T0178\R5T.T0178.csproj", "{B5B15BD7-FA54-4468-B2B8-9806DD7135FE}"
EndProject
Project("{9A19103F-16F7-4668-BE54-9A1E7A4F7556}") = "R5T.T0179", "..\..\R5T.T0179\source\R5T.T0179\R5T.T0179.csproj", "{519AD47B-1C89-49C5-A695-B561E4D09B01}"
EndProject
Project("{9A19103F-16F7-4668-BE54-9A1E7A4F7556}") = "R5T.T0180", "..\..\R5T.T0180\source\R5T.T0180\R5T.T0180.csproj", "{9C0A43AA-C382-438C-9218-08AF9BC6F919}"
EndProject
Project("{9A19103F-16F7-4668-BE54-9A1E7A4F7556}") = "R5T.T0181", "..\..\R5T.T0181\source\R5T.T0181\R5T.T0181.csproj", "{AC7FFA04-C8E1-4AC6-978C-F4572155A0CE}"
EndProject
Project("{9A19103F-16F7-4668-BE54-9A1E7A4F7556}") = "R5T.T0184", "..\..\R5T.T0184\source\R5T.T0184\R5T.T0184.csproj", "{A814C34B-59BC-4C7F-8FC5-97B17A299D05}"
EndProject
Project("{9A19103F-16F7-4668-BE54-9A1E7A4F7556}") = "R5T.T0185", "..\..\R5T.T0185\source\R5T.T0185\R5T.T0185.csproj", "{303EC5CC-79D5-4A8C-BC34-8D988095394D}"
EndProject
Project("{9A19103F-16F7-4668-BE54-9A1E7A4F7556}") = "R5T.T0186", "..\..\R5T.T0186\source\R5T.T0186\R5T.T0186.csproj", "{F6069846-F6F1-482E-98E0-96B56A1EC071}"
EndProject
Project("{9A19103F-16F7-4668-BE54-9A1E7A4F7556}") = "R5T.T0187", "..\..\R5T.T0187\source\R5T.T0187\R5T.T0187.csproj", "{B178AC18-208A-4B29-B4EB-BA7116D8C81B}"
EndProject
Project("{9A19103F-16F7-4668-BE54-9A1E7A4F7556}") = "R5T.T0196", "..\..\R5T.T0196\source\R5T.T0196\R5T.T0196.csproj", "{6F6D96D5-5822-4BF2-A0CD-83272D2CA74F}"
EndProject
Project("{9A19103F-16F7-4668-BE54-9A1E7A4F7556}") = "R5T.T0197", "..\..\R5T.T0197\source\R5T.T0197\R5T.T0197.csproj", "{ADC658AF-D32F-45F3-82FC-CC77CE92F5FE}"
EndProject
Project("{9A19103F-16F7-4668-BE54-9A1E7A4F7556}") = "R5T.T0198", "..\..\R5T.T0198\source\R5T.T0198\R5T.T0198.csproj", "{71DE65DF-BB1D-4EE2-B1E2-A86E3866FD32}"
EndProject
Project("{9A19103F-16F7-4668-BE54-9A1E7A4F7556}") = "R5T.T0199", "..\..\R5T.T0199\source\R5T.T0199\R5T.T0199.csproj", "{CCEC4051-BC42-4355-9F85-1CCB49A44A0B}"
EndProject
Project("{9A19103F-16F7-4668-BE54-9A1E7A4F7556}") = "R5T.T0200", "..\..\R5T.T0200\source\R5T.T0200\R5T.T0200.csproj", "{58929DB2-1484-48BB-B481-68530E9DAF5C}"
EndProject
Project("{9A19103F-16F7-4668-BE54-9A1E7A4F7556}") = "R5T.T0203", "..\..\R5T.T0203\source\R5T.T0203\R5T.T0203.csproj", "{26EA50A5-BBFF-4E9D-93F1-B6DDD435D58C}"
EndProject
Project("{9A19103F-16F7-4668-BE54-9A1E7A4F7556}") = "R5T.T0213", "..\..\R5T.T0213\source\R5T.T0213\R5T.T0213.csproj", "{2D5AF85F-DECD-4292-8236-008982037EF3}"
EndProject
Project("{9A19103F-16F7-4668-BE54-9A1E7A4F7556}") = "R5T.T0214.Z001", "..\..\R5T.T0214\source\R5T.T0214.Z001\R5T.T0214.Z001.csproj", "{B6F2BF02-8B5B-4ED5-8189-843BD84F3329}"
EndProject
Project("{9A19103F-16F7-4668-BE54-9A1E7A4F7556}") = "R5T.T0214", "..\..\R5T.T0214\source\R5T.T0214\R5T.T0214.csproj", "{C901AB52-F2FB-409F-937F-D669497A5741}"
EndProject
Project("{9A19103F-16F7-4668-BE54-9A1E7A4F7556}") = "R5T.T0215.Z000", "..\..\R5T.T0215\source\R5T.T0215.Z000\R5T.T0215.Z000.csproj", "{D0249479-0FC0-41FF-BA66-4EE388E636F4}"
EndProject
Project("{9A19103F-16F7-4668-BE54-9A1E7A4F7556}") = "R5T.T0215", "..\..\R5T.T0215\source\R5T.T0215\R5T.T0215.csproj", "{30076FC0-C32E-4987-A1EF-29779DE548FD}"
EndProject
Project("{9A19103F-16F7-4668-BE54-9A1E7A4F7556}") = "R5T.T0216.F001", "..\..\R5T.T0216\source\R5T.T0216.F001\R5T.T0216.F001.csproj", "{FDACB819-7FA0-4F4E-9AFF-B4CA3ABD9123}"
EndProject
Project("{9A19103F-16F7-4668-BE54-9A1E7A4F7556}") = "R5T.T0216", "..\..\R5T.T0216\source\R5T.T0216\R5T.T0216.csproj", "{0BCF3D85-65CA-4950-BB81-4D3DC2FB08AC}"
EndProject
Project("{9A19103F-16F7-4668-BE54-9A1E7A4F7556}") = "R5T.T0217.F001", "..\..\R5T.T0217\source\R5T.T0217.F001\R5T.T0217.F001.csproj", "{EA7E53E0-BE22-461F-AED7-4F13DC5ACA72}"
EndProject
Project("{9A19103F-16F7-4668-BE54-9A1E7A4F7556}") = "R5T.T0217", "..\..\R5T.T0217\source\R5T.T0217\R5T.T0217.csproj", "{E9B02E27-D2B8-4DE3-9748-C2D1AB79AF4C}"
EndProject
Project("{9A19103F-16F7-4668-BE54-9A1E7A4F7556}") = "R5T.T0218", "..\..\R5T.T0218\source\R5T.T0218\R5T.T0218.csproj", "{016B4087-3D5B-4708-ACAE-8E4393049D79}"
EndProject
Project("{9A19103F-16F7-4668-BE54-9A1E7A4F7556}") = "R5T.T0219", "..\..\R5T.T0219\source\R5T.T0219\R5T.T0219.csproj", "{CE8E812F-3EA9-4569-B2C4-364A026383A3}"
EndProject
Project("{9A19103F-16F7-4668-BE54-9A1E7A4F7556}") = "R5T.T0220", "..\..\R5T.T0220\source\R5T.T0220\R5T.T0220.csproj", "{84243D18-4C74-4BFC-9A94-9B332EC03D3D}"
EndProject
Project("{9A19103F-16F7-4668-BE54-9A1E7A4F7556}") = "R5T.T0221", "..\..\R5T.T0221\source\R5T.T0221\R5T.T0221.csproj", "{8857C13C-1905-435A-8681-AA59EF08783C}"
EndProject
Project("{9A19103F-16F7-4668-BE54-9A1E7A4F7556}") = "R5T.T0224", "..\..\R5T.T0224\source\R5T.T0224\R5T.T0224.csproj", "{4F0A2E48-4980-46F1-A0C6-465C35FDD19D}"
EndProject
Project("{9A19103F-16F7-4668-BE54-9A1E7A4F7556}") = "R5T.T0227", "..\..\R5T.T0227\source\R5T.T0227\R5T.T0227.csproj", "{346D1E45-1B0C-41D9-BB67-960DD78CC431}"
EndProject
Project("{9A19103F-16F7-4668-BE54-9A1E7A4F7556}") = "R5T.Y0000", "..\..\R5T.Y0000\source\R5T.Y0000\R5T.Y0000.csproj", "{AE7D3DEF-3B2C-4891-A643-9860DBD06CE2}"
EndProject
Project("{9A19103F-16F7-4668-BE54-9A1E7A4F7556}") = "R5T.Z0000", "..\..\R5T.Z0000\source\R5T.Z0000\R5T.Z0000.csproj", "{AB7B24F7-9833-463B-8ABC-A0B112246B86}"
EndProject
Project("{9A19103F-16F7-4668-BE54-9A1E7A4F7556}") = "R5T.Z0010.Platform", "..\..\R5T.Z0010\source\R5T.Z0010.Platform\R5T.Z0010.Platform.csproj", "{6186E1ED-873F-47D0-B9D6-5C317ED889C3}"
EndProject
Project("{9A19103F-16F7-4668-BE54-9A1E7A4F7556}") = "R5T.Z0010", "..\..\R5T.Z0010\source\R5T.Z0010\R5T.Z0010.csproj", "{2071BB3E-192B-45A7-AC90-EB594C0876D8}"
EndProject
Project("{9A19103F-16F7-4668-BE54-9A1E7A4F7556}") = "R5T.Z0012", "..\..\R5T.Z0012\source\R5T.Z0012\R5T.Z0012.csproj", "{D8000C0F-43C1-4708-8D3D-7D397E0FD90A}"
EndProject
Project("{9A19103F-16F7-4668-BE54-9A1E7A4F7556}") = "R5T.Z0044.Z000", "..\..\R5T.Z0044\source\R5T.Z0044.Z000\R5T.Z0044.Z000.csproj", "{21A50239-0BE5-4EDD-BBB4-C3CB498855F1}"
EndProject
Project("{9A19103F-16F7-4668-BE54-9A1E7A4F7556}") = "R5T.Z0046.Platform", "..\..\R5T.Z0046\source\R5T.Z0046.Platform\R5T.Z0046.Platform.csproj", "{4B0A065A-C332-4676-B4C7-E481A8C40564}"
EndProject
Project("{9A19103F-16F7-4668-BE54-9A1E7A4F7556}") = "R5T.Z0046", "..\..\R5T.Z0046\source\R5T.Z0046\R5T.Z0046.csproj", "{D232F939-1BAC-4495-983E-34E72FA7A4BA}"
EndProject
Project("{9A19103F-16F7-4668-BE54-9A1E7A4F7556}") = "R5T.Z0057.Platform", "..\..\R5T.Z0057\source\R5T.Z0057.Platform\R5T.Z0057.Platform.csproj", "{269510FA-7034-4719-86D4-0A8C6C28B54F}"
EndProject
Project("{9A19103F-16F7-4668-BE54-9A1E7A4F7556}") = "R5T.Z0057", "..\..\R5T.Z0057\source\R5T.Z0057\R5T.Z0057.csproj", "{D64DE359-57DC-48AA-890A-F70DE2FE2B85}"
EndProject
Project("{9A19103F-16F7-4668-BE54-9A1E7A4F7556}") = "R5T.Z0058", "..\..\R5T.Z0058\source\R5T.Z0058\R5T.Z0058.csproj", "{1F3C91D6-B045-485D-ADBD-F15F4039C690}"
EndProject
Project("{9A19103F-16F7-4668-BE54-9A1E7A4F7556}") = "R5T.Z0063.Platform", "..\..\R5T.Z0063\source\R5T.Z0063.Platform\R5T.Z0063.Platform.csproj", "{731FCA92-89F4-4A36-8404-5E84C4DD33BC}"
EndProject
Project("{9A19103F-16F7-4668-BE54-9A1E7A4F7556}") = "R5T.Z0063", "..\..\R5T.Z0063\source\R5T.Z0063\R5T.Z0063.csproj", "{60E2054D-DED4-433B-A110-3D3A0A5E5385}"
EndProject
Project("{9A19103F-16F7-4668-BE54-9A1E7A4F7556}") = "R5T.L0062.F001", "..\..\R5T.L0062\source\R5T.L0062.F001\R5T.L0062.F001.csproj", "{DA780442-DCE4-46D4-9914-89282CE4A3A8}"
EndProject
Project("{9A19103F-16F7-4668-BE54-9A1E7A4F7556}") = "R5T.L0062.T000", "..\..\R5T.L0062\source\R5T.L0062.T000\R5T.L0062.T000.csproj", "{D2897F85-F957-4AD5-8080-F6FCA7B22B32}"
EndProject
Project("{9A19103F-16F7-4668-BE54-9A1E7A4F7556}") = "R5T.L0062.Z000", "..\..\R5T.L0062\source\R5T.L0062.Z000\R5T.L0062.Z000.csproj", "{E2624C37-EB88-4881-8783-0C3A4684EF00}"
EndProject
Project("{9A19103F-16F7-4668-BE54-9A1E7A4F7556}") = "R5T.L0063.F001", "..\..\R5T.L0063\source\R5T.L0063.F001\R5T.L0063.F001.csproj", "{8C1CBCC6-8C13-468B-8A10-7916552CDB16}"
EndProject
Project("{9A19103F-16F7-4668-BE54-9A1E7A4F7556}") = "R5T.L0063.T000", "..\..\R5T.L0063\source\R5T.L0063.T000\R5T.L0063.T000.csproj", "{E0DC430E-80BF-4A51-9A92-86F03CC015C0}"
EndProject
Project("{9A19103F-16F7-4668-BE54-9A1E7A4F7556}") = "R5T.L0063.Z000", "..\..\R5T.L0063\source\R5T.L0063.Z000\R5T.L0063.Z000.csproj", "{2DE31604-3A5C-483E-B77E-94E0C5B43282}"
EndProject
Project("{9A19103F-16F7-4668-BE54-9A1E7A4F7556}") = "R5T.L0062.L001", "..\..\R5T.L0062\source\R5T.L0062.L001\R5T.L0062.L001.csproj", "{643D6E33-2E92-4429-8B5A-691AB8D06A47}"
EndProject
Project("{9A19103F-16F7-4668-BE54-9A1E7A4F7556}") = "R5T.L0063.F000", "..\..\R5T.L0063\source\R5T.L0063.F000\R5T.L0063.F000.csproj", "{88698A99-AAD4-48F6-9C6C-616569C0DE5E}"
EndProject
Project("{9A19103F-16F7-4668-BE54-9A1E7A4F7556}") = "R5T.T0225.T000", "..\..\R5T.T0225\source\R5T.T0225.T000\R5T.T0225.T000.csproj", "{3DDB03A2-EA2A-4DE9-BE76-D6A0807A4F5E}"
EndProject
Project("{9A19103F-16F7-4668-BE54-9A1E7A4F7556}") = "R5T.T0225", "..\..\R5T.T0225\source\R5T.T0225\R5T.T0225.csproj", "{295F4CF6-FF43-452B-B70C-EF49F4CF715B}"
EndProject
Project("{9A19103F-16F7-4668-BE54-9A1E7A4F7556}") = "R5T.T0226.T000", "..\..\R5T.T0226\source\R5T.T0226.T000\R5T.T0226.T000.csproj", "{DD3E5C97-3730-4DA4-8041-911483A1BDEE}"
EndProject
Project("{9A19103F-16F7-4668-BE54-9A1E7A4F7556}") = "R5T.T0226", "..\..\R5T.T0226\source\R5T.T0226\R5T.T0226.csproj", "{E5E66FAE-2E82-445C-B51A-FF1D450FA14A}"
EndProject
Project("{9A19103F-16F7-4668-BE54-9A1E7A4F7556}") = "R5T.L0062.F000", "..\..\R5T.L0062\source\R5T.L0062.F000\R5T.L0062.F000.csproj", "{D9B0253E-3CCC-4B8D-B0B2-0B764D770E88}"
EndProject
Project("{9A19103F-16F7-4668-BE54-9A1E7A4F7556}") = "R5T.L0063.Z001", "..\..\R5T.L0063\source\R5T.L0063.Z001\R5T.L0063.Z001.csproj", "{8E36BFBE-5FD4-42E4-8060-43D31EE5F74E}"
EndProject
Project("{9A19103F-16F7-4668-BE54-9A1E7A4F7556}") = "R5T.L0065.F003", "..\..\R5T.L0065\source\R5T.L0065.F003\R5T.L0065.F003.csproj", "{A0AA1EBD-B3FE-4F08-B559-D2784D52134F}"
EndProject
Project("{9A19103F-16F7-4668-BE54-9A1E7A4F7556}") = "R5T.L0065.T000", "..\..\R5T.L0065\source\R5T.L0065.T000\R5T.L0065.T000.csproj", "{3E5B5BAB-95EA-4D05-B47D-E6B1F3E80079}"
EndProject
Project("{9A19103F-16F7-4668-BE54-9A1E7A4F7556}") = "R5T.L0066", "..\..\R5T.L0066\source\R5T.L0066\R5T.L0066.csproj", "{0CD78B0E-F9A2-4508-918A-D1DCBC53AAB9}"
EndProject
Project("{9A19103F-16F7-4668-BE54-9A1E7A4F7556}") = "R5T.L0065.F000", "..\..\R5T.L0065\source\R5T.L0065.F000\R5T.L0065.F000.csproj", "{2E12C424-854E-4148-AD6D-A570FC727A66}"
EndProject
Project("{9A19103F-16F7-4668-BE54-9A1E7A4F7556}") = "R5T.L0065.F001", "..\..\R5T.L0065\source\R5T.L0065.F001\R5T.L0065.F001.csproj", "{8BB50C0A-2EA3-4851-8700-6A4B72E7FDEC}"
EndProject
Project("{9A19103F-16F7-4668-BE54-9A1E7A4F7556}") = "R5T.L0065.F002", "..\..\R5T.L0065\source\R5T.L0065.F002\R5T.L0065.F002.csproj", "{12029363-DD2C-440F-BD42-6D29DE2020BD}"
EndProject
Project("{9A19103F-16F7-4668-BE54-9A1E7A4F7556}") = "R5T.L0065", "..\..\R5T.L0065\source\R5T.L0065\R5T.L0065.csproj", "{E55A3F4F-A98D-4CBF-BB87-0A00451A79A5}"
EndProject
Project("{9A19103F-16F7-4668-BE54-9A1E7A4F7556}") = "R5T.L0065.F004", "..\..\R5T.L0065\source\R5T.L0065.F004\R5T.L0065.F004.csproj", "{4A92FACB-F25B-43C5-958B-1229C52D3544}"
EndProject
Project("{9A19103F-16F7-4668-BE54-9A1E7A4F7556}") = "R5T.L0032.Y000", "..\..\R5T.L0032\source\R5T.L0032.Y000\R5T.L0032.Y000.csproj", "{34478E52-89A6-42B2-906F-4DA015B8861E}"
EndProject
Project("{9A19103F-16F7-4668-BE54-9A1E7A4F7556}") = "R5T.L0071", "..\..\R5T.L0071\source\R5T.L0071\R5T.L0071.csproj", "{BEBBB54E-147E-4DD7-94CF-D9A21C4099A5}"
EndProject
Project("{9A19103F-16F7-4668-BE54-9A1E7A4F7556}") = "R5T.L0074", "..\..\R5T.L0074\source\R5T.L0074\R5T.L0074.csproj", "{E192D091-705B-46BB-B2D2-F2131333C248}"
EndProject
Project("{9A19103F-16F7-4668-BE54-9A1E7A4F7556}") = "R5T.L0089.F000", "..\..\R5T.L0089\source\R5T.L0089.F000\R5T.L0089.F000.csproj", "{4A6147B5-3C88-44F5-872D-E1153431D90B}"
EndProject
Project("{9A19103F-16F7-4668-BE54-9A1E7A4F7556}") = "R5T.L0089.T000", "..\..\R5T.L0089\source\R5T.L0089.T000\R5T.L0089.T000.csproj", "{BDB1886A-BB57-439F-B6CA-965D9E60F1ED}"
EndProject
Project("{9A19103F-16F7-4668-BE54-9A1E7A4F7556}") = "R5T.L0089", "..\..\R5T.L0089\source\R5T.L0089\R5T.L0089.csproj", "{E4D8C978-30EB-40A8-974A-C5CD8FD59F83}"
EndProject
Project("{9A19103F-16F7-4668-BE54-9A1E7A4F7556}") = "R5T.T0199.T000", "..\..\R5T.T0199\source\R5T.T0199.T000\R5T.T0199.T000.csproj", "{7EFD93EA-AD2B-4165-9FAD-58801796F9E9}"
EndProject
Project("{9A19103F-16F7-4668-BE54-9A1E7A4F7556}") = "R5T.T0199.T001", "..\..\R5T.T0199\source\R5T.T0199.T001\R5T.T0199.T001.csproj", "{DDDA5218-42D0-4120-BD28-17499AC503BA}"
EndProject
Project("{9A19103F-16F7-4668-BE54-9A1E7A4F7556}") = "R5T.Y0006", "..\..\R5T.Y0006\source\R5T.Y0006\R5T.Y0006.csproj", "{1F7CEB44-9485-4971-8A77-40C5CE939C49}"
EndProject
Global
	GlobalSection(NestedProjects) = preSolution
		{7EE1E24A-558B-4054-BC8F-41949A49BDDD} = {D654AF13-1D0D-4FE8-958D-9B69BF1CAC5E}
		{457B60BE-5CEE-4CED-B49A-61ED89DB3653} = {D654AF13-1D0D-4FE8-958D-9B69BF1CAC5E}
		{0A818C46-1639-468E-BC8F-B26BA5701DDD} = {D654AF13-1D0D-4FE8-958D-9B69BF1CAC5E}
		{D78B1EBE-A3FC-4958-B429-33F0D80B6498} = {D654AF13-1D0D-4FE8-958D-9B69BF1CAC5E}
		{924C239A-C598-4CC6-B3B2-85966AFB4764} = {D654AF13-1D0D-4FE8-958D-9B69BF1CAC5E}
		{B1D03C05-DECD-45D8-AA4D-ED758B7FC360} = {D654AF13-1D0D-4FE8-958D-9B69BF1CAC5E}
		{821AC75C-4062-4C32-82CC-3519D6F2254F} = {D654AF13-1D0D-4FE8-958D-9B69BF1CAC5E}
		{6B8C1597-AC7A-4C86-A883-D17C49D93C59} = {D654AF13-1D0D-4FE8-958D-9B69BF1CAC5E}
		{21D54FB3-4CE1-4ABA-B8E2-5FCEE7494A1F} = {D654AF13-1D0D-4FE8-958D-9B69BF1CAC5E}
		{5085C59B-FCF1-451F-9666-8F76D52E47F4} = {D654AF13-1D0D-4FE8-958D-9B69BF1CAC5E}
		{564D9D36-F429-4FE4-BD55-B565BA6D9016} = {D654AF13-1D0D-4FE8-958D-9B69BF1CAC5E}
		{E0DFC263-9A79-453E-BB00-DE4027F5E955} = {D654AF13-1D0D-4FE8-958D-9B69BF1CAC5E}
		{1B8EA30F-A41C-43FF-BE11-ACC0A0A55C37} = {D654AF13-1D0D-4FE8-958D-9B69BF1CAC5E}
		{DD2863DD-91EC-4421-87AC-D1CBF31D7E7D} = {D654AF13-1D0D-4FE8-958D-9B69BF1CAC5E}
		{477FBCBF-199C-4EF7-8CBA-59360B001E01} = {D654AF13-1D0D-4FE8-958D-9B69BF1CAC5E}
		{BF3690F6-C263-44EC-89AE-4C8C7CE96D9D} = {D654AF13-1D0D-4FE8-958D-9B69BF1CAC5E}
		{F1E086C5-EF05-4BCD-A801-BF79428A58B2} = {D654AF13-1D0D-4FE8-958D-9B69BF1CAC5E}
		{37350885-C71D-4A75-AB31-6B898F6E15C0} = {D654AF13-1D0D-4FE8-958D-9B69BF1CAC5E}
		{5D52D7E4-A93F-4BBB-A59C-6236ACDE4FBF} = {D654AF13-1D0D-4FE8-958D-9B69BF1CAC5E}
		{F9D0BA4A-35D1-4395-8452-8F7ADE9FCAE0} = {D654AF13-1D0D-4FE8-958D-9B69BF1CAC5E}
		{AE768BCA-F38B-48A8-B7D7-2251F5ECC6BC} = {D654AF13-1D0D-4FE8-958D-9B69BF1CAC5E}
		{6F969BD1-2CC3-4E23-A85B-0CE046D53911} = {D654AF13-1D0D-4FE8-958D-9B69BF1CAC5E}
		{CE9D8228-7F52-4361-B0BF-4BF232D9C7C9} = {D654AF13-1D0D-4FE8-958D-9B69BF1CAC5E}
		{78D68325-79FD-448D-9F65-8C51D91BE83B} = {D654AF13-1D0D-4FE8-958D-9B69BF1CAC5E}
		{B922C863-4EE9-44E5-B989-65922D53FC8D} = {D654AF13-1D0D-4FE8-958D-9B69BF1CAC5E}
		{85F35DD8-EDC2-4B31-B89E-F89310A9761E} = {D654AF13-1D0D-4FE8-958D-9B69BF1CAC5E}
		{03ECBF8E-2BC8-44B5-9A94-6D919470AF87} = {D654AF13-1D0D-4FE8-958D-9B69BF1CAC5E}
		{65E622CC-39F9-4F35-8030-C2A4346964EE} = {D654AF13-1D0D-4FE8-958D-9B69BF1CAC5E}
		{00E1B762-F591-4449-A5D1-1C0A94FB7F90} = {D654AF13-1D0D-4FE8-958D-9B69BF1CAC5E}
		{22954CB4-72B0-414F-9508-F05B01D2585D} = {D654AF13-1D0D-4FE8-958D-9B69BF1CAC5E}
		{464FF074-7C69-4906-9D3F-0265F770764C} = {D654AF13-1D0D-4FE8-958D-9B69BF1CAC5E}
		{BBFC5203-3D80-4764-B974-82D7F39A1048} = {D654AF13-1D0D-4FE8-958D-9B69BF1CAC5E}
		{FDD3EC2E-008E-4250-BB30-F5A3DF072903} = {D654AF13-1D0D-4FE8-958D-9B69BF1CAC5E}
		{B8496F0D-2CB2-4DF3-AC16-19BBCBADC72B} = {D654AF13-1D0D-4FE8-958D-9B69BF1CAC5E}
		{6CB361C4-9AD5-4E92-9258-B5F58B2E8927} = {D654AF13-1D0D-4FE8-958D-9B69BF1CAC5E}
		{F9DE3E89-869A-441E-8846-7172538F10DC} = {D654AF13-1D0D-4FE8-958D-9B69BF1CAC5E}
		{E72C8366-AE71-4DD3-8804-A946DB144449} = {D654AF13-1D0D-4FE8-958D-9B69BF1CAC5E}
		{9179046C-9B1C-440D-BC58-76C3C44B75AE} = {D654AF13-1D0D-4FE8-958D-9B69BF1CAC5E}
		{11D6BF16-7828-4446-A3A4-AF3BA33C055F} = {D654AF13-1D0D-4FE8-958D-9B69BF1CAC5E}
		{4CCCA377-EE57-4E39-9C43-E0C4CBBC098B} = {D654AF13-1D0D-4FE8-958D-9B69BF1CAC5E}
		{815518A0-B3D1-4B02-8E9C-A312335335B3} = {D654AF13-1D0D-4FE8-958D-9B69BF1CAC5E}
		{F653521F-3617-42B5-94A5-DC9977D02A38} = {D654AF13-1D0D-4FE8-958D-9B69BF1CAC5E}
		{3F1DF678-6C53-451E-B19E-03C59D58C2EE} = {D654AF13-1D0D-4FE8-958D-9B69BF1CAC5E}
		{A80D398C-D9F2-4BF7-B7B8-3982E18DE920} = {D654AF13-1D0D-4FE8-958D-9B69BF1CAC5E}
		{1094C229-3965-42EF-8967-4DF1DFCD4B4A} = {D654AF13-1D0D-4FE8-958D-9B69BF1CAC5E}
		{CACAB38E-DE8C-411B-A930-2FD716767A3C} = {D654AF13-1D0D-4FE8-958D-9B69BF1CAC5E}
		{9CF5FF8D-E771-452D-96EC-1F16E1407FB0} = {D654AF13-1D0D-4FE8-958D-9B69BF1CAC5E}
		{06555487-923A-42BA-B530-1C229415E3AE} = {D654AF13-1D0D-4FE8-958D-9B69BF1CAC5E}
		{A614BBCF-48DF-49EC-ABBA-7A34BFD7E0F4} = {D654AF13-1D0D-4FE8-958D-9B69BF1CAC5E}
		{4B6A705B-BBA7-4E46-892C-8F9708267863} = {D654AF13-1D0D-4FE8-958D-9B69BF1CAC5E}
		{7436EEE7-7C1E-4928-8620-8DC81DFC4986} = {D654AF13-1D0D-4FE8-958D-9B69BF1CAC5E}
		{43D302A1-350E-4178-AD0F-14579377DDF0} = {D654AF13-1D0D-4FE8-958D-9B69BF1CAC5E}
		{04C2CACB-1A8D-4765-94E4-003C3ED64291} = {D654AF13-1D0D-4FE8-958D-9B69BF1CAC5E}
		{65FF9C35-890B-417F-AADF-A985B54AED34} = {D654AF13-1D0D-4FE8-958D-9B69BF1CAC5E}
		{B5B15BD7-FA54-4468-B2B8-9806DD7135FE} = {D654AF13-1D0D-4FE8-958D-9B69BF1CAC5E}
		{519AD47B-1C89-49C5-A695-B561E4D09B01} = {D654AF13-1D0D-4FE8-958D-9B69BF1CAC5E}
		{9C0A43AA-C382-438C-9218-08AF9BC6F919} = {D654AF13-1D0D-4FE8-958D-9B69BF1CAC5E}
		{AC7FFA04-C8E1-4AC6-978C-F4572155A0CE} = {D654AF13-1D0D-4FE8-958D-9B69BF1CAC5E}
		{A814C34B-59BC-4C7F-8FC5-97B17A299D05} = {D654AF13-1D0D-4FE8-958D-9B69BF1CAC5E}
		{303EC5CC-79D5-4A8C-BC34-8D988095394D} = {D654AF13-1D0D-4FE8-958D-9B69BF1CAC5E}
		{F6069846-F6F1-482E-98E0-96B56A1EC071} = {D654AF13-1D0D-4FE8-958D-9B69BF1CAC5E}
		{B178AC18-208A-4B29-B4EB-BA7116D8C81B} = {D654AF13-1D0D-4FE8-958D-9B69BF1CAC5E}
		{6F6D96D5-5822-4BF2-A0CD-83272D2CA74F} = {D654AF13-1D0D-4FE8-958D-9B69BF1CAC5E}
		{ADC658AF-D32F-45F3-82FC-CC77CE92F5FE} = {D654AF13-1D0D-4FE8-958D-9B69BF1CAC5E}
		{71DE65DF-BB1D-4EE2-B1E2-A86E3866FD32} = {D654AF13-1D0D-4FE8-958D-9B69BF1CAC5E}
		{CCEC4051-BC42-4355-9F85-1CCB49A44A0B} = {D654AF13-1D0D-4FE8-958D-9B69BF1CAC5E}
		{58929DB2-1484-48BB-B481-68530E9DAF5C} = {D654AF13-1D0D-4FE8-958D-9B69BF1CAC5E}
		{26EA50A5-BBFF-4E9D-93F1-B6DDD435D58C} = {D654AF13-1D0D-4FE8-958D-9B69BF1CAC5E}
		{2D5AF85F-DECD-4292-8236-008982037EF3} = {D654AF13-1D0D-4FE8-958D-9B69BF1CAC5E}
		{B6F2BF02-8B5B-4ED5-8189-843BD84F3329} = {D654AF13-1D0D-4FE8-958D-9B69BF1CAC5E}
		{C901AB52-F2FB-409F-937F-D669497A5741} = {D654AF13-1D0D-4FE8-958D-9B69BF1CAC5E}
		{D0249479-0FC0-41FF-BA66-4EE388E636F4} = {D654AF13-1D0D-4FE8-958D-9B69BF1CAC5E}
		{30076FC0-C32E-4987-A1EF-29779DE548FD} = {D654AF13-1D0D-4FE8-958D-9B69BF1CAC5E}
		{FDACB819-7FA0-4F4E-9AFF-B4CA3ABD9123} = {D654AF13-1D0D-4FE8-958D-9B69BF1CAC5E}
		{0BCF3D85-65CA-4950-BB81-4D3DC2FB08AC} = {D654AF13-1D0D-4FE8-958D-9B69BF1CAC5E}
		{EA7E53E0-BE22-461F-AED7-4F13DC5ACA72} = {D654AF13-1D0D-4FE8-958D-9B69BF1CAC5E}
		{E9B02E27-D2B8-4DE3-9748-C2D1AB79AF4C} = {D654AF13-1D0D-4FE8-958D-9B69BF1CAC5E}
		{016B4087-3D5B-4708-ACAE-8E4393049D79} = {D654AF13-1D0D-4FE8-958D-9B69BF1CAC5E}
		{CE8E812F-3EA9-4569-B2C4-364A026383A3} = {D654AF13-1D0D-4FE8-958D-9B69BF1CAC5E}
		{84243D18-4C74-4BFC-9A94-9B332EC03D3D} = {D654AF13-1D0D-4FE8-958D-9B69BF1CAC5E}
		{8857C13C-1905-435A-8681-AA59EF08783C} = {D654AF13-1D0D-4FE8-958D-9B69BF1CAC5E}
		{4F0A2E48-4980-46F1-A0C6-465C35FDD19D} = {D654AF13-1D0D-4FE8-958D-9B69BF1CAC5E}
		{346D1E45-1B0C-41D9-BB67-960DD78CC431} = {D654AF13-1D0D-4FE8-958D-9B69BF1CAC5E}
		{AE7D3DEF-3B2C-4891-A643-9860DBD06CE2} = {D654AF13-1D0D-4FE8-958D-9B69BF1CAC5E}
		{AB7B24F7-9833-463B-8ABC-A0B112246B86} = {D654AF13-1D0D-4FE8-958D-9B69BF1CAC5E}
		{6186E1ED-873F-47D0-B9D6-5C317ED889C3} = {D654AF13-1D0D-4FE8-958D-9B69BF1CAC5E}
		{2071BB3E-192B-45A7-AC90-EB594C0876D8} = {D654AF13-1D0D-4FE8-958D-9B69BF1CAC5E}
		{D8000C0F-43C1-4708-8D3D-7D397E0FD90A} = {D654AF13-1D0D-4FE8-958D-9B69BF1CAC5E}
		{21A50239-0BE5-4EDD-BBB4-C3CB498855F1} = {D654AF13-1D0D-4FE8-958D-9B69BF1CAC5E}
		{4B0A065A-C332-4676-B4C7-E481A8C40564} = {D654AF13-1D0D-4FE8-958D-9B69BF1CAC5E}
		{D232F939-1BAC-4495-983E-34E72FA7A4BA} = {D654AF13-1D0D-4FE8-958D-9B69BF1CAC5E}
		{269510FA-7034-4719-86D4-0A8C6C28B54F} = {D654AF13-1D0D-4FE8-958D-9B69BF1CAC5E}
		{D64DE359-57DC-48AA-890A-F70DE2FE2B85} = {D654AF13-1D0D-4FE8-958D-9B69BF1CAC5E}
		{1F3C91D6-B045-485D-ADBD-F15F4039C690} = {D654AF13-1D0D-4FE8-958D-9B69BF1CAC5E}
		{731FCA92-89F4-4A36-8404-5E84C4DD33BC} = {D654AF13-1D0D-4FE8-958D-9B69BF1CAC5E}
		{60E2054D-DED4-433B-A110-3D3A0A5E5385} = {D654AF13-1D0D-4FE8-958D-9B69BF1CAC5E}
		{DA780442-DCE4-46D4-9914-89282CE4A3A8} = {D654AF13-1D0D-4FE8-958D-9B69BF1CAC5E}
		{D2897F85-F957-4AD5-8080-F6FCA7B22B32} = {D654AF13-1D0D-4FE8-958D-9B69BF1CAC5E}
		{E2624C37-EB88-4881-8783-0C3A4684EF00} = {D654AF13-1D0D-4FE8-958D-9B69BF1CAC5E}
		{8C1CBCC6-8C13-468B-8A10-7916552CDB16} = {D654AF13-1D0D-4FE8-958D-9B69BF1CAC5E}
		{E0DC430E-80BF-4A51-9A92-86F03CC015C0} = {D654AF13-1D0D-4FE8-958D-9B69BF1CAC5E}
		{2DE31604-3A5C-483E-B77E-94E0C5B43282} = {D654AF13-1D0D-4FE8-958D-9B69BF1CAC5E}
		{643D6E33-2E92-4429-8B5A-691AB8D06A47} = {D654AF13-1D0D-4FE8-958D-9B69BF1CAC5E}
		{88698A99-AAD4-48F6-9C6C-616569C0DE5E} = {D654AF13-1D0D-4FE8-958D-9B69BF1CAC5E}
		{3DDB03A2-EA2A-4DE9-BE76-D6A0807A4F5E} = {D654AF13-1D0D-4FE8-958D-9B69BF1CAC5E}
		{295F4CF6-FF43-452B-B70C-EF49F4CF715B} = {D654AF13-1D0D-4FE8-958D-9B69BF1CAC5E}
		{DD3E5C97-3730-4DA4-8041-911483A1BDEE} = {D654AF13-1D0D-4FE8-958D-9B69BF1CAC5E}
		{E5E66FAE-2E82-445C-B51A-FF1D450FA14A} = {D654AF13-1D0D-4FE8-958D-9B69BF1CAC5E}
		{D9B0253E-3CCC-4B8D-B0B2-0B764D770E88} = {D654AF13-1D0D-4FE8-958D-9B69BF1CAC5E}
		{8E36BFBE-5FD4-42E4-8060-43D31EE5F74E} = {D654AF13-1D0D-4FE8-958D-9B69BF1CAC5E}
		{A0AA1EBD-B3FE-4F08-B559-D2784D52134F} = {D654AF13-1D0D-4FE8-958D-9B69BF1CAC5E}
		{3E5B5BAB-95EA-4D05-B47D-E6B1F3E80079} = {D654AF13-1D0D-4FE8-958D-9B69BF1CAC5E}
		{0CD78B0E-F9A2-4508-918A-D1DCBC53AAB9} = {D654AF13-1D0D-4FE8-958D-9B69BF1CAC5E}
		{2E12C424-854E-4148-AD6D-A570FC727A66} = {D654AF13-1D0D-4FE8-958D-9B69BF1CAC5E}
		{8BB50C0A-2EA3-4851-8700-6A4B72E7FDEC} = {D654AF13-1D0D-4FE8-958D-9B69BF1CAC5E}
		{12029363-DD2C-440F-BD42-6D29DE2020BD} = {D654AF13-1D0D-4FE8-958D-9B69BF1CAC5E}
		{E55A3F4F-A98D-4CBF-BB87-0A00451A79A5} = {D654AF13-1D0D-4FE8-958D-9B69BF1CAC5E}
		{4A92FACB-F25B-43C5-958B-1229C52D3544} = {D654AF13-1D0D-4FE8-958D-9B69BF1CAC5E}
		{34478E52-89A6-42B2-906F-4DA015B8861E} = {D654AF13-1D0D-4FE8-958D-9B69BF1CAC5E}
		{BEBBB54E-147E-4DD7-94CF-D9A21C4099A5} = {D654AF13-1D0D-4FE8-958D-9B69BF1CAC5E}
		{E192D091-705B-46BB-B2D2-F2131333C248} = {D654AF13-1D0D-4FE8-958D-9B69BF1CAC5E}
		{4A6147B5-3C88-44F5-872D-E1153431D90B} = {D654AF13-1D0D-4FE8-958D-9B69BF1CAC5E}
		{BDB1886A-BB57-439F-B6CA-965D9E60F1ED} = {D654AF13-1D0D-4FE8-958D-9B69BF1CAC5E}
		{E4D8C978-30EB-40A8-974A-C5CD8FD59F83} = {D654AF13-1D0D-4FE8-958D-9B69BF1CAC5E}
		{7EFD93EA-AD2B-4165-9FAD-58801796F9E9} = {D654AF13-1D0D-4FE8-958D-9B69BF1CAC5E}
		{DDDA5218-42D0-4120-BD28-17499AC503BA} = {D654AF13-1D0D-4FE8-958D-9B69BF1CAC5E}
		{1F7CEB44-9485-4971-8A77-40C5CE939C49} = {D654AF13-1D0D-4FE8-958D-9B69BF1CAC5E}
	EndGlobalSection
	GlobalSection(SolutionConfigurationPlatforms) = preSolution
		Debug|Any CPU = Debug|Any CPU
		Release|Any CPU = Release|Any CPU
	EndGlobalSection
	GlobalSection(ProjectConfigurationPlatforms) = postSolution
		{8670531B-B321-4EE9-A357-8460047A67A7}.Debug|Any CPU.ActiveCfg = Debug|Any CPU
		{8670531B-B321-4EE9-A357-8460047A67A7}.Debug|Any CPU.Build.0 = Debug|Any CPU
		{8670531B-B321-4EE9-A357-8460047A67A7}.Release|Any CPU.ActiveCfg = Release|Any CPU
		{8670531B-B321-4EE9-A357-8460047A67A7}.Release|Any CPU.Build.0 = Release|Any CPU
		{7EE1E24A-558B-4054-BC8F-41949A49BDDD}.Debug|Any CPU.ActiveCfg = Debug|Any CPU
		{7EE1E24A-558B-4054-BC8F-41949A49BDDD}.Debug|Any CPU.Build.0 = Debug|Any CPU
		{7EE1E24A-558B-4054-BC8F-41949A49BDDD}.Release|Any CPU.ActiveCfg = Release|Any CPU
		{7EE1E24A-558B-4054-BC8F-41949A49BDDD}.Release|Any CPU.Build.0 = Release|Any CPU
		{457B60BE-5CEE-4CED-B49A-61ED89DB3653}.Debug|Any CPU.ActiveCfg = Debug|Any CPU
		{457B60BE-5CEE-4CED-B49A-61ED89DB3653}.Debug|Any CPU.Build.0 = Debug|Any CPU
		{457B60BE-5CEE-4CED-B49A-61ED89DB3653}.Release|Any CPU.ActiveCfg = Release|Any CPU
		{457B60BE-5CEE-4CED-B49A-61ED89DB3653}.Release|Any CPU.Build.0 = Release|Any CPU
		{0A818C46-1639-468E-BC8F-B26BA5701DDD}.Debug|Any CPU.ActiveCfg = Debug|Any CPU
		{0A818C46-1639-468E-BC8F-B26BA5701DDD}.Debug|Any CPU.Build.0 = Debug|Any CPU
		{0A818C46-1639-468E-BC8F-B26BA5701DDD}.Release|Any CPU.ActiveCfg = Release|Any CPU
		{0A818C46-1639-468E-BC8F-B26BA5701DDD}.Release|Any CPU.Build.0 = Release|Any CPU
		{D78B1EBE-A3FC-4958-B429-33F0D80B6498}.Debug|Any CPU.ActiveCfg = Debug|Any CPU
		{D78B1EBE-A3FC-4958-B429-33F0D80B6498}.Debug|Any CPU.Build.0 = Debug|Any CPU
		{D78B1EBE-A3FC-4958-B429-33F0D80B6498}.Release|Any CPU.ActiveCfg = Release|Any CPU
		{D78B1EBE-A3FC-4958-B429-33F0D80B6498}.Release|Any CPU.Build.0 = Release|Any CPU
		{924C239A-C598-4CC6-B3B2-85966AFB4764}.Debug|Any CPU.ActiveCfg = Debug|Any CPU
		{924C239A-C598-4CC6-B3B2-85966AFB4764}.Debug|Any CPU.Build.0 = Debug|Any CPU
		{924C239A-C598-4CC6-B3B2-85966AFB4764}.Release|Any CPU.ActiveCfg = Release|Any CPU
		{924C239A-C598-4CC6-B3B2-85966AFB4764}.Release|Any CPU.Build.0 = Release|Any CPU
		{B1D03C05-DECD-45D8-AA4D-ED758B7FC360}.Debug|Any CPU.ActiveCfg = Debug|Any CPU
		{B1D03C05-DECD-45D8-AA4D-ED758B7FC360}.Debug|Any CPU.Build.0 = Debug|Any CPU
		{B1D03C05-DECD-45D8-AA4D-ED758B7FC360}.Release|Any CPU.ActiveCfg = Release|Any CPU
		{B1D03C05-DECD-45D8-AA4D-ED758B7FC360}.Release|Any CPU.Build.0 = Release|Any CPU
		{821AC75C-4062-4C32-82CC-3519D6F2254F}.Debug|Any CPU.ActiveCfg = Debug|Any CPU
		{821AC75C-4062-4C32-82CC-3519D6F2254F}.Debug|Any CPU.Build.0 = Debug|Any CPU
		{821AC75C-4062-4C32-82CC-3519D6F2254F}.Release|Any CPU.ActiveCfg = Release|Any CPU
		{821AC75C-4062-4C32-82CC-3519D6F2254F}.Release|Any CPU.Build.0 = Release|Any CPU
		{6B8C1597-AC7A-4C86-A883-D17C49D93C59}.Debug|Any CPU.ActiveCfg = Debug|Any CPU
		{6B8C1597-AC7A-4C86-A883-D17C49D93C59}.Debug|Any CPU.Build.0 = Debug|Any CPU
		{6B8C1597-AC7A-4C86-A883-D17C49D93C59}.Release|Any CPU.ActiveCfg = Release|Any CPU
		{6B8C1597-AC7A-4C86-A883-D17C49D93C59}.Release|Any CPU.Build.0 = Release|Any CPU
		{21D54FB3-4CE1-4ABA-B8E2-5FCEE7494A1F}.Debug|Any CPU.ActiveCfg = Debug|Any CPU
		{21D54FB3-4CE1-4ABA-B8E2-5FCEE7494A1F}.Debug|Any CPU.Build.0 = Debug|Any CPU
		{21D54FB3-4CE1-4ABA-B8E2-5FCEE7494A1F}.Release|Any CPU.ActiveCfg = Release|Any CPU
		{21D54FB3-4CE1-4ABA-B8E2-5FCEE7494A1F}.Release|Any CPU.Build.0 = Release|Any CPU
		{5085C59B-FCF1-451F-9666-8F76D52E47F4}.Debug|Any CPU.ActiveCfg = Debug|Any CPU
		{5085C59B-FCF1-451F-9666-8F76D52E47F4}.Debug|Any CPU.Build.0 = Debug|Any CPU
		{5085C59B-FCF1-451F-9666-8F76D52E47F4}.Release|Any CPU.ActiveCfg = Release|Any CPU
		{5085C59B-FCF1-451F-9666-8F76D52E47F4}.Release|Any CPU.Build.0 = Release|Any CPU
		{564D9D36-F429-4FE4-BD55-B565BA6D9016}.Debug|Any CPU.ActiveCfg = Debug|Any CPU
		{564D9D36-F429-4FE4-BD55-B565BA6D9016}.Debug|Any CPU.Build.0 = Debug|Any CPU
		{564D9D36-F429-4FE4-BD55-B565BA6D9016}.Release|Any CPU.ActiveCfg = Release|Any CPU
		{564D9D36-F429-4FE4-BD55-B565BA6D9016}.Release|Any CPU.Build.0 = Release|Any CPU
		{E0DFC263-9A79-453E-BB00-DE4027F5E955}.Debug|Any CPU.ActiveCfg = Debug|Any CPU
		{E0DFC263-9A79-453E-BB00-DE4027F5E955}.Debug|Any CPU.Build.0 = Debug|Any CPU
		{E0DFC263-9A79-453E-BB00-DE4027F5E955}.Release|Any CPU.ActiveCfg = Release|Any CPU
		{E0DFC263-9A79-453E-BB00-DE4027F5E955}.Release|Any CPU.Build.0 = Release|Any CPU
		{1B8EA30F-A41C-43FF-BE11-ACC0A0A55C37}.Debug|Any CPU.ActiveCfg = Debug|Any CPU
		{1B8EA30F-A41C-43FF-BE11-ACC0A0A55C37}.Debug|Any CPU.Build.0 = Debug|Any CPU
		{1B8EA30F-A41C-43FF-BE11-ACC0A0A55C37}.Release|Any CPU.ActiveCfg = Release|Any CPU
		{1B8EA30F-A41C-43FF-BE11-ACC0A0A55C37}.Release|Any CPU.Build.0 = Release|Any CPU
		{DD2863DD-91EC-4421-87AC-D1CBF31D7E7D}.Debug|Any CPU.ActiveCfg = Debug|Any CPU
		{DD2863DD-91EC-4421-87AC-D1CBF31D7E7D}.Debug|Any CPU.Build.0 = Debug|Any CPU
		{DD2863DD-91EC-4421-87AC-D1CBF31D7E7D}.Release|Any CPU.ActiveCfg = Release|Any CPU
		{DD2863DD-91EC-4421-87AC-D1CBF31D7E7D}.Release|Any CPU.Build.0 = Release|Any CPU
		{477FBCBF-199C-4EF7-8CBA-59360B001E01}.Debug|Any CPU.ActiveCfg = Debug|Any CPU
		{477FBCBF-199C-4EF7-8CBA-59360B001E01}.Debug|Any CPU.Build.0 = Debug|Any CPU
		{477FBCBF-199C-4EF7-8CBA-59360B001E01}.Release|Any CPU.ActiveCfg = Release|Any CPU
		{477FBCBF-199C-4EF7-8CBA-59360B001E01}.Release|Any CPU.Build.0 = Release|Any CPU
		{BF3690F6-C263-44EC-89AE-4C8C7CE96D9D}.Debug|Any CPU.ActiveCfg = Debug|Any CPU
		{BF3690F6-C263-44EC-89AE-4C8C7CE96D9D}.Debug|Any CPU.Build.0 = Debug|Any CPU
		{BF3690F6-C263-44EC-89AE-4C8C7CE96D9D}.Release|Any CPU.ActiveCfg = Release|Any CPU
		{BF3690F6-C263-44EC-89AE-4C8C7CE96D9D}.Release|Any CPU.Build.0 = Release|Any CPU
		{F1E086C5-EF05-4BCD-A801-BF79428A58B2}.Debug|Any CPU.ActiveCfg = Debug|Any CPU
		{F1E086C5-EF05-4BCD-A801-BF79428A58B2}.Debug|Any CPU.Build.0 = Debug|Any CPU
		{F1E086C5-EF05-4BCD-A801-BF79428A58B2}.Release|Any CPU.ActiveCfg = Release|Any CPU
		{F1E086C5-EF05-4BCD-A801-BF79428A58B2}.Release|Any CPU.Build.0 = Release|Any CPU
		{37350885-C71D-4A75-AB31-6B898F6E15C0}.Debug|Any CPU.ActiveCfg = Debug|Any CPU
		{37350885-C71D-4A75-AB31-6B898F6E15C0}.Debug|Any CPU.Build.0 = Debug|Any CPU
		{37350885-C71D-4A75-AB31-6B898F6E15C0}.Release|Any CPU.ActiveCfg = Release|Any CPU
		{37350885-C71D-4A75-AB31-6B898F6E15C0}.Release|Any CPU.Build.0 = Release|Any CPU
		{5D52D7E4-A93F-4BBB-A59C-6236ACDE4FBF}.Debug|Any CPU.ActiveCfg = Debug|Any CPU
		{5D52D7E4-A93F-4BBB-A59C-6236ACDE4FBF}.Debug|Any CPU.Build.0 = Debug|Any CPU
		{5D52D7E4-A93F-4BBB-A59C-6236ACDE4FBF}.Release|Any CPU.ActiveCfg = Release|Any CPU
		{5D52D7E4-A93F-4BBB-A59C-6236ACDE4FBF}.Release|Any CPU.Build.0 = Release|Any CPU
		{F9D0BA4A-35D1-4395-8452-8F7ADE9FCAE0}.Debug|Any CPU.ActiveCfg = Debug|Any CPU
		{F9D0BA4A-35D1-4395-8452-8F7ADE9FCAE0}.Debug|Any CPU.Build.0 = Debug|Any CPU
		{F9D0BA4A-35D1-4395-8452-8F7ADE9FCAE0}.Release|Any CPU.ActiveCfg = Release|Any CPU
		{F9D0BA4A-35D1-4395-8452-8F7ADE9FCAE0}.Release|Any CPU.Build.0 = Release|Any CPU
		{AE768BCA-F38B-48A8-B7D7-2251F5ECC6BC}.Debug|Any CPU.ActiveCfg = Debug|Any CPU
		{AE768BCA-F38B-48A8-B7D7-2251F5ECC6BC}.Debug|Any CPU.Build.0 = Debug|Any CPU
		{AE768BCA-F38B-48A8-B7D7-2251F5ECC6BC}.Release|Any CPU.ActiveCfg = Release|Any CPU
		{AE768BCA-F38B-48A8-B7D7-2251F5ECC6BC}.Release|Any CPU.Build.0 = Release|Any CPU
		{6F969BD1-2CC3-4E23-A85B-0CE046D53911}.Debug|Any CPU.ActiveCfg = Debug|Any CPU
		{6F969BD1-2CC3-4E23-A85B-0CE046D53911}.Debug|Any CPU.Build.0 = Debug|Any CPU
		{6F969BD1-2CC3-4E23-A85B-0CE046D53911}.Release|Any CPU.ActiveCfg = Release|Any CPU
		{6F969BD1-2CC3-4E23-A85B-0CE046D53911}.Release|Any CPU.Build.0 = Release|Any CPU
		{CE9D8228-7F52-4361-B0BF-4BF232D9C7C9}.Debug|Any CPU.ActiveCfg = Debug|Any CPU
		{CE9D8228-7F52-4361-B0BF-4BF232D9C7C9}.Debug|Any CPU.Build.0 = Debug|Any CPU
		{CE9D8228-7F52-4361-B0BF-4BF232D9C7C9}.Release|Any CPU.ActiveCfg = Release|Any CPU
		{CE9D8228-7F52-4361-B0BF-4BF232D9C7C9}.Release|Any CPU.Build.0 = Release|Any CPU
		{78D68325-79FD-448D-9F65-8C51D91BE83B}.Debug|Any CPU.ActiveCfg = Debug|Any CPU
		{78D68325-79FD-448D-9F65-8C51D91BE83B}.Debug|Any CPU.Build.0 = Debug|Any CPU
		{78D68325-79FD-448D-9F65-8C51D91BE83B}.Release|Any CPU.ActiveCfg = Release|Any CPU
		{78D68325-79FD-448D-9F65-8C51D91BE83B}.Release|Any CPU.Build.0 = Release|Any CPU
		{B922C863-4EE9-44E5-B989-65922D53FC8D}.Debug|Any CPU.ActiveCfg = Debug|Any CPU
		{B922C863-4EE9-44E5-B989-65922D53FC8D}.Debug|Any CPU.Build.0 = Debug|Any CPU
		{B922C863-4EE9-44E5-B989-65922D53FC8D}.Release|Any CPU.ActiveCfg = Release|Any CPU
		{B922C863-4EE9-44E5-B989-65922D53FC8D}.Release|Any CPU.Build.0 = Release|Any CPU
		{85F35DD8-EDC2-4B31-B89E-F89310A9761E}.Debug|Any CPU.ActiveCfg = Debug|Any CPU
		{85F35DD8-EDC2-4B31-B89E-F89310A9761E}.Debug|Any CPU.Build.0 = Debug|Any CPU
		{85F35DD8-EDC2-4B31-B89E-F89310A9761E}.Release|Any CPU.ActiveCfg = Release|Any CPU
		{85F35DD8-EDC2-4B31-B89E-F89310A9761E}.Release|Any CPU.Build.0 = Release|Any CPU
		{03ECBF8E-2BC8-44B5-9A94-6D919470AF87}.Debug|Any CPU.ActiveCfg = Debug|Any CPU
		{03ECBF8E-2BC8-44B5-9A94-6D919470AF87}.Debug|Any CPU.Build.0 = Debug|Any CPU
		{03ECBF8E-2BC8-44B5-9A94-6D919470AF87}.Release|Any CPU.ActiveCfg = Release|Any CPU
		{03ECBF8E-2BC8-44B5-9A94-6D919470AF87}.Release|Any CPU.Build.0 = Release|Any CPU
		{65E622CC-39F9-4F35-8030-C2A4346964EE}.Debug|Any CPU.ActiveCfg = Debug|Any CPU
		{65E622CC-39F9-4F35-8030-C2A4346964EE}.Debug|Any CPU.Build.0 = Debug|Any CPU
		{65E622CC-39F9-4F35-8030-C2A4346964EE}.Release|Any CPU.ActiveCfg = Release|Any CPU
		{65E622CC-39F9-4F35-8030-C2A4346964EE}.Release|Any CPU.Build.0 = Release|Any CPU
		{00E1B762-F591-4449-A5D1-1C0A94FB7F90}.Debug|Any CPU.ActiveCfg = Debug|Any CPU
		{00E1B762-F591-4449-A5D1-1C0A94FB7F90}.Debug|Any CPU.Build.0 = Debug|Any CPU
		{00E1B762-F591-4449-A5D1-1C0A94FB7F90}.Release|Any CPU.ActiveCfg = Release|Any CPU
		{00E1B762-F591-4449-A5D1-1C0A94FB7F90}.Release|Any CPU.Build.0 = Release|Any CPU
		{22954CB4-72B0-414F-9508-F05B01D2585D}.Debug|Any CPU.ActiveCfg = Debug|Any CPU
		{22954CB4-72B0-414F-9508-F05B01D2585D}.Debug|Any CPU.Build.0 = Debug|Any CPU
		{22954CB4-72B0-414F-9508-F05B01D2585D}.Release|Any CPU.ActiveCfg = Release|Any CPU
		{22954CB4-72B0-414F-9508-F05B01D2585D}.Release|Any CPU.Build.0 = Release|Any CPU
		{464FF074-7C69-4906-9D3F-0265F770764C}.Debug|Any CPU.ActiveCfg = Debug|Any CPU
		{464FF074-7C69-4906-9D3F-0265F770764C}.Debug|Any CPU.Build.0 = Debug|Any CPU
		{464FF074-7C69-4906-9D3F-0265F770764C}.Release|Any CPU.ActiveCfg = Release|Any CPU
		{464FF074-7C69-4906-9D3F-0265F770764C}.Release|Any CPU.Build.0 = Release|Any CPU
		{BBFC5203-3D80-4764-B974-82D7F39A1048}.Debug|Any CPU.ActiveCfg = Debug|Any CPU
		{BBFC5203-3D80-4764-B974-82D7F39A1048}.Debug|Any CPU.Build.0 = Debug|Any CPU
		{BBFC5203-3D80-4764-B974-82D7F39A1048}.Release|Any CPU.ActiveCfg = Release|Any CPU
		{BBFC5203-3D80-4764-B974-82D7F39A1048}.Release|Any CPU.Build.0 = Release|Any CPU
		{FDD3EC2E-008E-4250-BB30-F5A3DF072903}.Debug|Any CPU.ActiveCfg = Debug|Any CPU
		{FDD3EC2E-008E-4250-BB30-F5A3DF072903}.Debug|Any CPU.Build.0 = Debug|Any CPU
		{FDD3EC2E-008E-4250-BB30-F5A3DF072903}.Release|Any CPU.ActiveCfg = Release|Any CPU
		{FDD3EC2E-008E-4250-BB30-F5A3DF072903}.Release|Any CPU.Build.0 = Release|Any CPU
		{B8496F0D-2CB2-4DF3-AC16-19BBCBADC72B}.Debug|Any CPU.ActiveCfg = Debug|Any CPU
		{B8496F0D-2CB2-4DF3-AC16-19BBCBADC72B}.Debug|Any CPU.Build.0 = Debug|Any CPU
		{B8496F0D-2CB2-4DF3-AC16-19BBCBADC72B}.Release|Any CPU.ActiveCfg = Release|Any CPU
		{B8496F0D-2CB2-4DF3-AC16-19BBCBADC72B}.Release|Any CPU.Build.0 = Release|Any CPU
		{6CB361C4-9AD5-4E92-9258-B5F58B2E8927}.Debug|Any CPU.ActiveCfg = Debug|Any CPU
		{6CB361C4-9AD5-4E92-9258-B5F58B2E8927}.Debug|Any CPU.Build.0 = Debug|Any CPU
		{6CB361C4-9AD5-4E92-9258-B5F58B2E8927}.Release|Any CPU.ActiveCfg = Release|Any CPU
		{6CB361C4-9AD5-4E92-9258-B5F58B2E8927}.Release|Any CPU.Build.0 = Release|Any CPU
		{F9DE3E89-869A-441E-8846-7172538F10DC}.Debug|Any CPU.ActiveCfg = Debug|Any CPU
		{F9DE3E89-869A-441E-8846-7172538F10DC}.Debug|Any CPU.Build.0 = Debug|Any CPU
		{F9DE3E89-869A-441E-8846-7172538F10DC}.Release|Any CPU.ActiveCfg = Release|Any CPU
		{F9DE3E89-869A-441E-8846-7172538F10DC}.Release|Any CPU.Build.0 = Release|Any CPU
		{E72C8366-AE71-4DD3-8804-A946DB144449}.Debug|Any CPU.ActiveCfg = Debug|Any CPU
		{E72C8366-AE71-4DD3-8804-A946DB144449}.Debug|Any CPU.Build.0 = Debug|Any CPU
		{E72C8366-AE71-4DD3-8804-A946DB144449}.Release|Any CPU.ActiveCfg = Release|Any CPU
		{E72C8366-AE71-4DD3-8804-A946DB144449}.Release|Any CPU.Build.0 = Release|Any CPU
		{9179046C-9B1C-440D-BC58-76C3C44B75AE}.Debug|Any CPU.ActiveCfg = Debug|Any CPU
		{9179046C-9B1C-440D-BC58-76C3C44B75AE}.Debug|Any CPU.Build.0 = Debug|Any CPU
		{9179046C-9B1C-440D-BC58-76C3C44B75AE}.Release|Any CPU.ActiveCfg = Release|Any CPU
		{9179046C-9B1C-440D-BC58-76C3C44B75AE}.Release|Any CPU.Build.0 = Release|Any CPU
		{11D6BF16-7828-4446-A3A4-AF3BA33C055F}.Debug|Any CPU.ActiveCfg = Debug|Any CPU
		{11D6BF16-7828-4446-A3A4-AF3BA33C055F}.Debug|Any CPU.Build.0 = Debug|Any CPU
		{11D6BF16-7828-4446-A3A4-AF3BA33C055F}.Release|Any CPU.ActiveCfg = Release|Any CPU
		{11D6BF16-7828-4446-A3A4-AF3BA33C055F}.Release|Any CPU.Build.0 = Release|Any CPU
		{4CCCA377-EE57-4E39-9C43-E0C4CBBC098B}.Debug|Any CPU.ActiveCfg = Debug|Any CPU
		{4CCCA377-EE57-4E39-9C43-E0C4CBBC098B}.Debug|Any CPU.Build.0 = Debug|Any CPU
		{4CCCA377-EE57-4E39-9C43-E0C4CBBC098B}.Release|Any CPU.ActiveCfg = Release|Any CPU
		{4CCCA377-EE57-4E39-9C43-E0C4CBBC098B}.Release|Any CPU.Build.0 = Release|Any CPU
		{815518A0-B3D1-4B02-8E9C-A312335335B3}.Debug|Any CPU.ActiveCfg = Debug|Any CPU
		{815518A0-B3D1-4B02-8E9C-A312335335B3}.Debug|Any CPU.Build.0 = Debug|Any CPU
		{815518A0-B3D1-4B02-8E9C-A312335335B3}.Release|Any CPU.ActiveCfg = Release|Any CPU
		{815518A0-B3D1-4B02-8E9C-A312335335B3}.Release|Any CPU.Build.0 = Release|Any CPU
		{F653521F-3617-42B5-94A5-DC9977D02A38}.Debug|Any CPU.ActiveCfg = Debug|Any CPU
		{F653521F-3617-42B5-94A5-DC9977D02A38}.Debug|Any CPU.Build.0 = Debug|Any CPU
		{F653521F-3617-42B5-94A5-DC9977D02A38}.Release|Any CPU.ActiveCfg = Release|Any CPU
		{F653521F-3617-42B5-94A5-DC9977D02A38}.Release|Any CPU.Build.0 = Release|Any CPU
		{3F1DF678-6C53-451E-B19E-03C59D58C2EE}.Debug|Any CPU.ActiveCfg = Debug|Any CPU
		{3F1DF678-6C53-451E-B19E-03C59D58C2EE}.Debug|Any CPU.Build.0 = Debug|Any CPU
		{3F1DF678-6C53-451E-B19E-03C59D58C2EE}.Release|Any CPU.ActiveCfg = Release|Any CPU
		{3F1DF678-6C53-451E-B19E-03C59D58C2EE}.Release|Any CPU.Build.0 = Release|Any CPU
		{A80D398C-D9F2-4BF7-B7B8-3982E18DE920}.Debug|Any CPU.ActiveCfg = Debug|Any CPU
		{A80D398C-D9F2-4BF7-B7B8-3982E18DE920}.Debug|Any CPU.Build.0 = Debug|Any CPU
		{A80D398C-D9F2-4BF7-B7B8-3982E18DE920}.Release|Any CPU.ActiveCfg = Release|Any CPU
		{A80D398C-D9F2-4BF7-B7B8-3982E18DE920}.Release|Any CPU.Build.0 = Release|Any CPU
		{1094C229-3965-42EF-8967-4DF1DFCD4B4A}.Debug|Any CPU.ActiveCfg = Debug|Any CPU
		{1094C229-3965-42EF-8967-4DF1DFCD4B4A}.Debug|Any CPU.Build.0 = Debug|Any CPU
		{1094C229-3965-42EF-8967-4DF1DFCD4B4A}.Release|Any CPU.ActiveCfg = Release|Any CPU
		{1094C229-3965-42EF-8967-4DF1DFCD4B4A}.Release|Any CPU.Build.0 = Release|Any CPU
		{CACAB38E-DE8C-411B-A930-2FD716767A3C}.Debug|Any CPU.ActiveCfg = Debug|Any CPU
		{CACAB38E-DE8C-411B-A930-2FD716767A3C}.Debug|Any CPU.Build.0 = Debug|Any CPU
		{CACAB38E-DE8C-411B-A930-2FD716767A3C}.Release|Any CPU.ActiveCfg = Release|Any CPU
		{CACAB38E-DE8C-411B-A930-2FD716767A3C}.Release|Any CPU.Build.0 = Release|Any CPU
		{9CF5FF8D-E771-452D-96EC-1F16E1407FB0}.Debug|Any CPU.ActiveCfg = Debug|Any CPU
		{9CF5FF8D-E771-452D-96EC-1F16E1407FB0}.Debug|Any CPU.Build.0 = Debug|Any CPU
		{9CF5FF8D-E771-452D-96EC-1F16E1407FB0}.Release|Any CPU.ActiveCfg = Release|Any CPU
		{9CF5FF8D-E771-452D-96EC-1F16E1407FB0}.Release|Any CPU.Build.0 = Release|Any CPU
		{06555487-923A-42BA-B530-1C229415E3AE}.Debug|Any CPU.ActiveCfg = Debug|Any CPU
		{06555487-923A-42BA-B530-1C229415E3AE}.Debug|Any CPU.Build.0 = Debug|Any CPU
		{06555487-923A-42BA-B530-1C229415E3AE}.Release|Any CPU.ActiveCfg = Release|Any CPU
		{06555487-923A-42BA-B530-1C229415E3AE}.Release|Any CPU.Build.0 = Release|Any CPU
		{A614BBCF-48DF-49EC-ABBA-7A34BFD7E0F4}.Debug|Any CPU.ActiveCfg = Debug|Any CPU
		{A614BBCF-48DF-49EC-ABBA-7A34BFD7E0F4}.Debug|Any CPU.Build.0 = Debug|Any CPU
		{A614BBCF-48DF-49EC-ABBA-7A34BFD7E0F4}.Release|Any CPU.ActiveCfg = Release|Any CPU
		{A614BBCF-48DF-49EC-ABBA-7A34BFD7E0F4}.Release|Any CPU.Build.0 = Release|Any CPU
		{4B6A705B-BBA7-4E46-892C-8F9708267863}.Debug|Any CPU.ActiveCfg = Debug|Any CPU
		{4B6A705B-BBA7-4E46-892C-8F9708267863}.Debug|Any CPU.Build.0 = Debug|Any CPU
		{4B6A705B-BBA7-4E46-892C-8F9708267863}.Release|Any CPU.ActiveCfg = Release|Any CPU
		{4B6A705B-BBA7-4E46-892C-8F9708267863}.Release|Any CPU.Build.0 = Release|Any CPU
		{7436EEE7-7C1E-4928-8620-8DC81DFC4986}.Debug|Any CPU.ActiveCfg = Debug|Any CPU
		{7436EEE7-7C1E-4928-8620-8DC81DFC4986}.Debug|Any CPU.Build.0 = Debug|Any CPU
		{7436EEE7-7C1E-4928-8620-8DC81DFC4986}.Release|Any CPU.ActiveCfg = Release|Any CPU
		{7436EEE7-7C1E-4928-8620-8DC81DFC4986}.Release|Any CPU.Build.0 = Release|Any CPU
		{43D302A1-350E-4178-AD0F-14579377DDF0}.Debug|Any CPU.ActiveCfg = Debug|Any CPU
		{43D302A1-350E-4178-AD0F-14579377DDF0}.Debug|Any CPU.Build.0 = Debug|Any CPU
		{43D302A1-350E-4178-AD0F-14579377DDF0}.Release|Any CPU.ActiveCfg = Release|Any CPU
		{43D302A1-350E-4178-AD0F-14579377DDF0}.Release|Any CPU.Build.0 = Release|Any CPU
		{04C2CACB-1A8D-4765-94E4-003C3ED64291}.Debug|Any CPU.ActiveCfg = Debug|Any CPU
		{04C2CACB-1A8D-4765-94E4-003C3ED64291}.Debug|Any CPU.Build.0 = Debug|Any CPU
		{04C2CACB-1A8D-4765-94E4-003C3ED64291}.Release|Any CPU.ActiveCfg = Release|Any CPU
		{04C2CACB-1A8D-4765-94E4-003C3ED64291}.Release|Any CPU.Build.0 = Release|Any CPU
		{65FF9C35-890B-417F-AADF-A985B54AED34}.Debug|Any CPU.ActiveCfg = Debug|Any CPU
		{65FF9C35-890B-417F-AADF-A985B54AED34}.Debug|Any CPU.Build.0 = Debug|Any CPU
		{65FF9C35-890B-417F-AADF-A985B54AED34}.Release|Any CPU.ActiveCfg = Release|Any CPU
		{65FF9C35-890B-417F-AADF-A985B54AED34}.Release|Any CPU.Build.0 = Release|Any CPU
		{B5B15BD7-FA54-4468-B2B8-9806DD7135FE}.Debug|Any CPU.ActiveCfg = Debug|Any CPU
		{B5B15BD7-FA54-4468-B2B8-9806DD7135FE}.Debug|Any CPU.Build.0 = Debug|Any CPU
		{B5B15BD7-FA54-4468-B2B8-9806DD7135FE}.Release|Any CPU.ActiveCfg = Release|Any CPU
		{B5B15BD7-FA54-4468-B2B8-9806DD7135FE}.Release|Any CPU.Build.0 = Release|Any CPU
		{519AD47B-1C89-49C5-A695-B561E4D09B01}.Debug|Any CPU.ActiveCfg = Debug|Any CPU
		{519AD47B-1C89-49C5-A695-B561E4D09B01}.Debug|Any CPU.Build.0 = Debug|Any CPU
		{519AD47B-1C89-49C5-A695-B561E4D09B01}.Release|Any CPU.ActiveCfg = Release|Any CPU
		{519AD47B-1C89-49C5-A695-B561E4D09B01}.Release|Any CPU.Build.0 = Release|Any CPU
		{9C0A43AA-C382-438C-9218-08AF9BC6F919}.Debug|Any CPU.ActiveCfg = Debug|Any CPU
		{9C0A43AA-C382-438C-9218-08AF9BC6F919}.Debug|Any CPU.Build.0 = Debug|Any CPU
		{9C0A43AA-C382-438C-9218-08AF9BC6F919}.Release|Any CPU.ActiveCfg = Release|Any CPU
		{9C0A43AA-C382-438C-9218-08AF9BC6F919}.Release|Any CPU.Build.0 = Release|Any CPU
		{AC7FFA04-C8E1-4AC6-978C-F4572155A0CE}.Debug|Any CPU.ActiveCfg = Debug|Any CPU
		{AC7FFA04-C8E1-4AC6-978C-F4572155A0CE}.Debug|Any CPU.Build.0 = Debug|Any CPU
		{AC7FFA04-C8E1-4AC6-978C-F4572155A0CE}.Release|Any CPU.ActiveCfg = Release|Any CPU
		{AC7FFA04-C8E1-4AC6-978C-F4572155A0CE}.Release|Any CPU.Build.0 = Release|Any CPU
		{A814C34B-59BC-4C7F-8FC5-97B17A299D05}.Debug|Any CPU.ActiveCfg = Debug|Any CPU
		{A814C34B-59BC-4C7F-8FC5-97B17A299D05}.Debug|Any CPU.Build.0 = Debug|Any CPU
		{A814C34B-59BC-4C7F-8FC5-97B17A299D05}.Release|Any CPU.ActiveCfg = Release|Any CPU
		{A814C34B-59BC-4C7F-8FC5-97B17A299D05}.Release|Any CPU.Build.0 = Release|Any CPU
		{303EC5CC-79D5-4A8C-BC34-8D988095394D}.Debug|Any CPU.ActiveCfg = Debug|Any CPU
		{303EC5CC-79D5-4A8C-BC34-8D988095394D}.Debug|Any CPU.Build.0 = Debug|Any CPU
		{303EC5CC-79D5-4A8C-BC34-8D988095394D}.Release|Any CPU.ActiveCfg = Release|Any CPU
		{303EC5CC-79D5-4A8C-BC34-8D988095394D}.Release|Any CPU.Build.0 = Release|Any CPU
		{F6069846-F6F1-482E-98E0-96B56A1EC071}.Debug|Any CPU.ActiveCfg = Debug|Any CPU
		{F6069846-F6F1-482E-98E0-96B56A1EC071}.Debug|Any CPU.Build.0 = Debug|Any CPU
		{F6069846-F6F1-482E-98E0-96B56A1EC071}.Release|Any CPU.ActiveCfg = Release|Any CPU
		{F6069846-F6F1-482E-98E0-96B56A1EC071}.Release|Any CPU.Build.0 = Release|Any CPU
		{B178AC18-208A-4B29-B4EB-BA7116D8C81B}.Debug|Any CPU.ActiveCfg = Debug|Any CPU
		{B178AC18-208A-4B29-B4EB-BA7116D8C81B}.Debug|Any CPU.Build.0 = Debug|Any CPU
		{B178AC18-208A-4B29-B4EB-BA7116D8C81B}.Release|Any CPU.ActiveCfg = Release|Any CPU
		{B178AC18-208A-4B29-B4EB-BA7116D8C81B}.Release|Any CPU.Build.0 = Release|Any CPU
		{6F6D96D5-5822-4BF2-A0CD-83272D2CA74F}.Debug|Any CPU.ActiveCfg = Debug|Any CPU
		{6F6D96D5-5822-4BF2-A0CD-83272D2CA74F}.Debug|Any CPU.Build.0 = Debug|Any CPU
		{6F6D96D5-5822-4BF2-A0CD-83272D2CA74F}.Release|Any CPU.ActiveCfg = Release|Any CPU
		{6F6D96D5-5822-4BF2-A0CD-83272D2CA74F}.Release|Any CPU.Build.0 = Release|Any CPU
		{ADC658AF-D32F-45F3-82FC-CC77CE92F5FE}.Debug|Any CPU.ActiveCfg = Debug|Any CPU
		{ADC658AF-D32F-45F3-82FC-CC77CE92F5FE}.Debug|Any CPU.Build.0 = Debug|Any CPU
		{ADC658AF-D32F-45F3-82FC-CC77CE92F5FE}.Release|Any CPU.ActiveCfg = Release|Any CPU
		{ADC658AF-D32F-45F3-82FC-CC77CE92F5FE}.Release|Any CPU.Build.0 = Release|Any CPU
		{71DE65DF-BB1D-4EE2-B1E2-A86E3866FD32}.Debug|Any CPU.ActiveCfg = Debug|Any CPU
		{71DE65DF-BB1D-4EE2-B1E2-A86E3866FD32}.Debug|Any CPU.Build.0 = Debug|Any CPU
		{71DE65DF-BB1D-4EE2-B1E2-A86E3866FD32}.Release|Any CPU.ActiveCfg = Release|Any CPU
		{71DE65DF-BB1D-4EE2-B1E2-A86E3866FD32}.Release|Any CPU.Build.0 = Release|Any CPU
		{CCEC4051-BC42-4355-9F85-1CCB49A44A0B}.Debug|Any CPU.ActiveCfg = Debug|Any CPU
		{CCEC4051-BC42-4355-9F85-1CCB49A44A0B}.Debug|Any CPU.Build.0 = Debug|Any CPU
		{CCEC4051-BC42-4355-9F85-1CCB49A44A0B}.Release|Any CPU.ActiveCfg = Release|Any CPU
		{CCEC4051-BC42-4355-9F85-1CCB49A44A0B}.Release|Any CPU.Build.0 = Release|Any CPU
		{58929DB2-1484-48BB-B481-68530E9DAF5C}.Debug|Any CPU.ActiveCfg = Debug|Any CPU
		{58929DB2-1484-48BB-B481-68530E9DAF5C}.Debug|Any CPU.Build.0 = Debug|Any CPU
		{58929DB2-1484-48BB-B481-68530E9DAF5C}.Release|Any CPU.ActiveCfg = Release|Any CPU
		{58929DB2-1484-48BB-B481-68530E9DAF5C}.Release|Any CPU.Build.0 = Release|Any CPU
		{26EA50A5-BBFF-4E9D-93F1-B6DDD435D58C}.Debug|Any CPU.ActiveCfg = Debug|Any CPU
		{26EA50A5-BBFF-4E9D-93F1-B6DDD435D58C}.Debug|Any CPU.Build.0 = Debug|Any CPU
		{26EA50A5-BBFF-4E9D-93F1-B6DDD435D58C}.Release|Any CPU.ActiveCfg = Release|Any CPU
		{26EA50A5-BBFF-4E9D-93F1-B6DDD435D58C}.Release|Any CPU.Build.0 = Release|Any CPU
		{2D5AF85F-DECD-4292-8236-008982037EF3}.Debug|Any CPU.ActiveCfg = Debug|Any CPU
		{2D5AF85F-DECD-4292-8236-008982037EF3}.Debug|Any CPU.Build.0 = Debug|Any CPU
		{2D5AF85F-DECD-4292-8236-008982037EF3}.Release|Any CPU.ActiveCfg = Release|Any CPU
		{2D5AF85F-DECD-4292-8236-008982037EF3}.Release|Any CPU.Build.0 = Release|Any CPU
		{B6F2BF02-8B5B-4ED5-8189-843BD84F3329}.Debug|Any CPU.ActiveCfg = Debug|Any CPU
		{B6F2BF02-8B5B-4ED5-8189-843BD84F3329}.Debug|Any CPU.Build.0 = Debug|Any CPU
		{B6F2BF02-8B5B-4ED5-8189-843BD84F3329}.Release|Any CPU.ActiveCfg = Release|Any CPU
		{B6F2BF02-8B5B-4ED5-8189-843BD84F3329}.Release|Any CPU.Build.0 = Release|Any CPU
		{C901AB52-F2FB-409F-937F-D669497A5741}.Debug|Any CPU.ActiveCfg = Debug|Any CPU
		{C901AB52-F2FB-409F-937F-D669497A5741}.Debug|Any CPU.Build.0 = Debug|Any CPU
		{C901AB52-F2FB-409F-937F-D669497A5741}.Release|Any CPU.ActiveCfg = Release|Any CPU
		{C901AB52-F2FB-409F-937F-D669497A5741}.Release|Any CPU.Build.0 = Release|Any CPU
		{D0249479-0FC0-41FF-BA66-4EE388E636F4}.Debug|Any CPU.ActiveCfg = Debug|Any CPU
		{D0249479-0FC0-41FF-BA66-4EE388E636F4}.Debug|Any CPU.Build.0 = Debug|Any CPU
		{D0249479-0FC0-41FF-BA66-4EE388E636F4}.Release|Any CPU.ActiveCfg = Release|Any CPU
		{D0249479-0FC0-41FF-BA66-4EE388E636F4}.Release|Any CPU.Build.0 = Release|Any CPU
		{30076FC0-C32E-4987-A1EF-29779DE548FD}.Debug|Any CPU.ActiveCfg = Debug|Any CPU
		{30076FC0-C32E-4987-A1EF-29779DE548FD}.Debug|Any CPU.Build.0 = Debug|Any CPU
		{30076FC0-C32E-4987-A1EF-29779DE548FD}.Release|Any CPU.ActiveCfg = Release|Any CPU
		{30076FC0-C32E-4987-A1EF-29779DE548FD}.Release|Any CPU.Build.0 = Release|Any CPU
		{FDACB819-7FA0-4F4E-9AFF-B4CA3ABD9123}.Debug|Any CPU.ActiveCfg = Debug|Any CPU
		{FDACB819-7FA0-4F4E-9AFF-B4CA3ABD9123}.Debug|Any CPU.Build.0 = Debug|Any CPU
		{FDACB819-7FA0-4F4E-9AFF-B4CA3ABD9123}.Release|Any CPU.ActiveCfg = Release|Any CPU
		{FDACB819-7FA0-4F4E-9AFF-B4CA3ABD9123}.Release|Any CPU.Build.0 = Release|Any CPU
		{0BCF3D85-65CA-4950-BB81-4D3DC2FB08AC}.Debug|Any CPU.ActiveCfg = Debug|Any CPU
		{0BCF3D85-65CA-4950-BB81-4D3DC2FB08AC}.Debug|Any CPU.Build.0 = Debug|Any CPU
		{0BCF3D85-65CA-4950-BB81-4D3DC2FB08AC}.Release|Any CPU.ActiveCfg = Release|Any CPU
		{0BCF3D85-65CA-4950-BB81-4D3DC2FB08AC}.Release|Any CPU.Build.0 = Release|Any CPU
		{EA7E53E0-BE22-461F-AED7-4F13DC5ACA72}.Debug|Any CPU.ActiveCfg = Debug|Any CPU
		{EA7E53E0-BE22-461F-AED7-4F13DC5ACA72}.Debug|Any CPU.Build.0 = Debug|Any CPU
		{EA7E53E0-BE22-461F-AED7-4F13DC5ACA72}.Release|Any CPU.ActiveCfg = Release|Any CPU
		{EA7E53E0-BE22-461F-AED7-4F13DC5ACA72}.Release|Any CPU.Build.0 = Release|Any CPU
		{E9B02E27-D2B8-4DE3-9748-C2D1AB79AF4C}.Debug|Any CPU.ActiveCfg = Debug|Any CPU
		{E9B02E27-D2B8-4DE3-9748-C2D1AB79AF4C}.Debug|Any CPU.Build.0 = Debug|Any CPU
		{E9B02E27-D2B8-4DE3-9748-C2D1AB79AF4C}.Release|Any CPU.ActiveCfg = Release|Any CPU
		{E9B02E27-D2B8-4DE3-9748-C2D1AB79AF4C}.Release|Any CPU.Build.0 = Release|Any CPU
		{016B4087-3D5B-4708-ACAE-8E4393049D79}.Debug|Any CPU.ActiveCfg = Debug|Any CPU
		{016B4087-3D5B-4708-ACAE-8E4393049D79}.Debug|Any CPU.Build.0 = Debug|Any CPU
		{016B4087-3D5B-4708-ACAE-8E4393049D79}.Release|Any CPU.ActiveCfg = Release|Any CPU
		{016B4087-3D5B-4708-ACAE-8E4393049D79}.Release|Any CPU.Build.0 = Release|Any CPU
		{CE8E812F-3EA9-4569-B2C4-364A026383A3}.Debug|Any CPU.ActiveCfg = Debug|Any CPU
		{CE8E812F-3EA9-4569-B2C4-364A026383A3}.Debug|Any CPU.Build.0 = Debug|Any CPU
		{CE8E812F-3EA9-4569-B2C4-364A026383A3}.Release|Any CPU.ActiveCfg = Release|Any CPU
		{CE8E812F-3EA9-4569-B2C4-364A026383A3}.Release|Any CPU.Build.0 = Release|Any CPU
		{84243D18-4C74-4BFC-9A94-9B332EC03D3D}.Debug|Any CPU.ActiveCfg = Debug|Any CPU
		{84243D18-4C74-4BFC-9A94-9B332EC03D3D}.Debug|Any CPU.Build.0 = Debug|Any CPU
		{84243D18-4C74-4BFC-9A94-9B332EC03D3D}.Release|Any CPU.ActiveCfg = Release|Any CPU
		{84243D18-4C74-4BFC-9A94-9B332EC03D3D}.Release|Any CPU.Build.0 = Release|Any CPU
		{8857C13C-1905-435A-8681-AA59EF08783C}.Debug|Any CPU.ActiveCfg = Debug|Any CPU
		{8857C13C-1905-435A-8681-AA59EF08783C}.Debug|Any CPU.Build.0 = Debug|Any CPU
		{8857C13C-1905-435A-8681-AA59EF08783C}.Release|Any CPU.ActiveCfg = Release|Any CPU
		{8857C13C-1905-435A-8681-AA59EF08783C}.Release|Any CPU.Build.0 = Release|Any CPU
		{4F0A2E48-4980-46F1-A0C6-465C35FDD19D}.Debug|Any CPU.ActiveCfg = Debug|Any CPU
		{4F0A2E48-4980-46F1-A0C6-465C35FDD19D}.Debug|Any CPU.Build.0 = Debug|Any CPU
		{4F0A2E48-4980-46F1-A0C6-465C35FDD19D}.Release|Any CPU.ActiveCfg = Release|Any CPU
		{4F0A2E48-4980-46F1-A0C6-465C35FDD19D}.Release|Any CPU.Build.0 = Release|Any CPU
		{346D1E45-1B0C-41D9-BB67-960DD78CC431}.Debug|Any CPU.ActiveCfg = Debug|Any CPU
		{346D1E45-1B0C-41D9-BB67-960DD78CC431}.Debug|Any CPU.Build.0 = Debug|Any CPU
		{346D1E45-1B0C-41D9-BB67-960DD78CC431}.Release|Any CPU.ActiveCfg = Release|Any CPU
		{346D1E45-1B0C-41D9-BB67-960DD78CC431}.Release|Any CPU.Build.0 = Release|Any CPU
		{AE7D3DEF-3B2C-4891-A643-9860DBD06CE2}.Debug|Any CPU.ActiveCfg = Debug|Any CPU
		{AE7D3DEF-3B2C-4891-A643-9860DBD06CE2}.Debug|Any CPU.Build.0 = Debug|Any CPU
		{AE7D3DEF-3B2C-4891-A643-9860DBD06CE2}.Release|Any CPU.ActiveCfg = Release|Any CPU
		{AE7D3DEF-3B2C-4891-A643-9860DBD06CE2}.Release|Any CPU.Build.0 = Release|Any CPU
		{AB7B24F7-9833-463B-8ABC-A0B112246B86}.Debug|Any CPU.ActiveCfg = Debug|Any CPU
		{AB7B24F7-9833-463B-8ABC-A0B112246B86}.Debug|Any CPU.Build.0 = Debug|Any CPU
		{AB7B24F7-9833-463B-8ABC-A0B112246B86}.Release|Any CPU.ActiveCfg = Release|Any CPU
		{AB7B24F7-9833-463B-8ABC-A0B112246B86}.Release|Any CPU.Build.0 = Release|Any CPU
		{6186E1ED-873F-47D0-B9D6-5C317ED889C3}.Debug|Any CPU.ActiveCfg = Debug|Any CPU
		{6186E1ED-873F-47D0-B9D6-5C317ED889C3}.Debug|Any CPU.Build.0 = Debug|Any CPU
		{6186E1ED-873F-47D0-B9D6-5C317ED889C3}.Release|Any CPU.ActiveCfg = Release|Any CPU
		{6186E1ED-873F-47D0-B9D6-5C317ED889C3}.Release|Any CPU.Build.0 = Release|Any CPU
		{2071BB3E-192B-45A7-AC90-EB594C0876D8}.Debug|Any CPU.ActiveCfg = Debug|Any CPU
		{2071BB3E-192B-45A7-AC90-EB594C0876D8}.Debug|Any CPU.Build.0 = Debug|Any CPU
		{2071BB3E-192B-45A7-AC90-EB594C0876D8}.Release|Any CPU.ActiveCfg = Release|Any CPU
		{2071BB3E-192B-45A7-AC90-EB594C0876D8}.Release|Any CPU.Build.0 = Release|Any CPU
		{D8000C0F-43C1-4708-8D3D-7D397E0FD90A}.Debug|Any CPU.ActiveCfg = Debug|Any CPU
		{D8000C0F-43C1-4708-8D3D-7D397E0FD90A}.Debug|Any CPU.Build.0 = Debug|Any CPU
		{D8000C0F-43C1-4708-8D3D-7D397E0FD90A}.Release|Any CPU.ActiveCfg = Release|Any CPU
		{D8000C0F-43C1-4708-8D3D-7D397E0FD90A}.Release|Any CPU.Build.0 = Release|Any CPU
		{21A50239-0BE5-4EDD-BBB4-C3CB498855F1}.Debug|Any CPU.ActiveCfg = Debug|Any CPU
		{21A50239-0BE5-4EDD-BBB4-C3CB498855F1}.Debug|Any CPU.Build.0 = Debug|Any CPU
		{21A50239-0BE5-4EDD-BBB4-C3CB498855F1}.Release|Any CPU.ActiveCfg = Release|Any CPU
		{21A50239-0BE5-4EDD-BBB4-C3CB498855F1}.Release|Any CPU.Build.0 = Release|Any CPU
		{4B0A065A-C332-4676-B4C7-E481A8C40564}.Debug|Any CPU.ActiveCfg = Debug|Any CPU
		{4B0A065A-C332-4676-B4C7-E481A8C40564}.Debug|Any CPU.Build.0 = Debug|Any CPU
		{4B0A065A-C332-4676-B4C7-E481A8C40564}.Release|Any CPU.ActiveCfg = Release|Any CPU
		{4B0A065A-C332-4676-B4C7-E481A8C40564}.Release|Any CPU.Build.0 = Release|Any CPU
		{D232F939-1BAC-4495-983E-34E72FA7A4BA}.Debug|Any CPU.ActiveCfg = Debug|Any CPU
		{D232F939-1BAC-4495-983E-34E72FA7A4BA}.Debug|Any CPU.Build.0 = Debug|Any CPU
		{D232F939-1BAC-4495-983E-34E72FA7A4BA}.Release|Any CPU.ActiveCfg = Release|Any CPU
		{D232F939-1BAC-4495-983E-34E72FA7A4BA}.Release|Any CPU.Build.0 = Release|Any CPU
		{269510FA-7034-4719-86D4-0A8C6C28B54F}.Debug|Any CPU.ActiveCfg = Debug|Any CPU
		{269510FA-7034-4719-86D4-0A8C6C28B54F}.Debug|Any CPU.Build.0 = Debug|Any CPU
		{269510FA-7034-4719-86D4-0A8C6C28B54F}.Release|Any CPU.ActiveCfg = Release|Any CPU
		{269510FA-7034-4719-86D4-0A8C6C28B54F}.Release|Any CPU.Build.0 = Release|Any CPU
		{D64DE359-57DC-48AA-890A-F70DE2FE2B85}.Debug|Any CPU.ActiveCfg = Debug|Any CPU
		{D64DE359-57DC-48AA-890A-F70DE2FE2B85}.Debug|Any CPU.Build.0 = Debug|Any CPU
		{D64DE359-57DC-48AA-890A-F70DE2FE2B85}.Release|Any CPU.ActiveCfg = Release|Any CPU
		{D64DE359-57DC-48AA-890A-F70DE2FE2B85}.Release|Any CPU.Build.0 = Release|Any CPU
		{1F3C91D6-B045-485D-ADBD-F15F4039C690}.Debug|Any CPU.ActiveCfg = Debug|Any CPU
		{1F3C91D6-B045-485D-ADBD-F15F4039C690}.Debug|Any CPU.Build.0 = Debug|Any CPU
		{1F3C91D6-B045-485D-ADBD-F15F4039C690}.Release|Any CPU.ActiveCfg = Release|Any CPU
		{1F3C91D6-B045-485D-ADBD-F15F4039C690}.Release|Any CPU.Build.0 = Release|Any CPU
		{731FCA92-89F4-4A36-8404-5E84C4DD33BC}.Debug|Any CPU.ActiveCfg = Debug|Any CPU
		{731FCA92-89F4-4A36-8404-5E84C4DD33BC}.Debug|Any CPU.Build.0 = Debug|Any CPU
		{731FCA92-89F4-4A36-8404-5E84C4DD33BC}.Release|Any CPU.ActiveCfg = Release|Any CPU
		{731FCA92-89F4-4A36-8404-5E84C4DD33BC}.Release|Any CPU.Build.0 = Release|Any CPU
		{60E2054D-DED4-433B-A110-3D3A0A5E5385}.Debug|Any CPU.ActiveCfg = Debug|Any CPU
		{60E2054D-DED4-433B-A110-3D3A0A5E5385}.Debug|Any CPU.Build.0 = Debug|Any CPU
		{60E2054D-DED4-433B-A110-3D3A0A5E5385}.Release|Any CPU.ActiveCfg = Release|Any CPU
		{60E2054D-DED4-433B-A110-3D3A0A5E5385}.Release|Any CPU.Build.0 = Release|Any CPU
		{DA780442-DCE4-46D4-9914-89282CE4A3A8}.Debug|Any CPU.ActiveCfg = Debug|Any CPU
		{DA780442-DCE4-46D4-9914-89282CE4A3A8}.Debug|Any CPU.Build.0 = Debug|Any CPU
		{DA780442-DCE4-46D4-9914-89282CE4A3A8}.Release|Any CPU.ActiveCfg = Release|Any CPU
		{DA780442-DCE4-46D4-9914-89282CE4A3A8}.Release|Any CPU.Build.0 = Release|Any CPU
		{D2897F85-F957-4AD5-8080-F6FCA7B22B32}.Debug|Any CPU.ActiveCfg = Debug|Any CPU
		{D2897F85-F957-4AD5-8080-F6FCA7B22B32}.Debug|Any CPU.Build.0 = Debug|Any CPU
		{D2897F85-F957-4AD5-8080-F6FCA7B22B32}.Release|Any CPU.ActiveCfg = Release|Any CPU
		{D2897F85-F957-4AD5-8080-F6FCA7B22B32}.Release|Any CPU.Build.0 = Release|Any CPU
		{E2624C37-EB88-4881-8783-0C3A4684EF00}.Debug|Any CPU.ActiveCfg = Debug|Any CPU
		{E2624C37-EB88-4881-8783-0C3A4684EF00}.Debug|Any CPU.Build.0 = Debug|Any CPU
		{E2624C37-EB88-4881-8783-0C3A4684EF00}.Release|Any CPU.ActiveCfg = Release|Any CPU
		{E2624C37-EB88-4881-8783-0C3A4684EF00}.Release|Any CPU.Build.0 = Release|Any CPU
		{8C1CBCC6-8C13-468B-8A10-7916552CDB16}.Debug|Any CPU.ActiveCfg = Debug|Any CPU
		{8C1CBCC6-8C13-468B-8A10-7916552CDB16}.Debug|Any CPU.Build.0 = Debug|Any CPU
		{8C1CBCC6-8C13-468B-8A10-7916552CDB16}.Release|Any CPU.ActiveCfg = Release|Any CPU
		{8C1CBCC6-8C13-468B-8A10-7916552CDB16}.Release|Any CPU.Build.0 = Release|Any CPU
		{E0DC430E-80BF-4A51-9A92-86F03CC015C0}.Debug|Any CPU.ActiveCfg = Debug|Any CPU
		{E0DC430E-80BF-4A51-9A92-86F03CC015C0}.Debug|Any CPU.Build.0 = Debug|Any CPU
		{E0DC430E-80BF-4A51-9A92-86F03CC015C0}.Release|Any CPU.ActiveCfg = Release|Any CPU
		{E0DC430E-80BF-4A51-9A92-86F03CC015C0}.Release|Any CPU.Build.0 = Release|Any CPU
		{2DE31604-3A5C-483E-B77E-94E0C5B43282}.Debug|Any CPU.ActiveCfg = Debug|Any CPU
		{2DE31604-3A5C-483E-B77E-94E0C5B43282}.Debug|Any CPU.Build.0 = Debug|Any CPU
		{2DE31604-3A5C-483E-B77E-94E0C5B43282}.Release|Any CPU.ActiveCfg = Release|Any CPU
		{2DE31604-3A5C-483E-B77E-94E0C5B43282}.Release|Any CPU.Build.0 = Release|Any CPU
		{643D6E33-2E92-4429-8B5A-691AB8D06A47}.Debug|Any CPU.ActiveCfg = Debug|Any CPU
		{643D6E33-2E92-4429-8B5A-691AB8D06A47}.Debug|Any CPU.Build.0 = Debug|Any CPU
		{643D6E33-2E92-4429-8B5A-691AB8D06A47}.Release|Any CPU.ActiveCfg = Release|Any CPU
		{643D6E33-2E92-4429-8B5A-691AB8D06A47}.Release|Any CPU.Build.0 = Release|Any CPU
		{88698A99-AAD4-48F6-9C6C-616569C0DE5E}.Debug|Any CPU.ActiveCfg = Debug|Any CPU
		{88698A99-AAD4-48F6-9C6C-616569C0DE5E}.Debug|Any CPU.Build.0 = Debug|Any CPU
		{88698A99-AAD4-48F6-9C6C-616569C0DE5E}.Release|Any CPU.ActiveCfg = Release|Any CPU
		{88698A99-AAD4-48F6-9C6C-616569C0DE5E}.Release|Any CPU.Build.0 = Release|Any CPU
		{3DDB03A2-EA2A-4DE9-BE76-D6A0807A4F5E}.Debug|Any CPU.ActiveCfg = Debug|Any CPU
		{3DDB03A2-EA2A-4DE9-BE76-D6A0807A4F5E}.Debug|Any CPU.Build.0 = Debug|Any CPU
		{3DDB03A2-EA2A-4DE9-BE76-D6A0807A4F5E}.Release|Any CPU.ActiveCfg = Release|Any CPU
		{3DDB03A2-EA2A-4DE9-BE76-D6A0807A4F5E}.Release|Any CPU.Build.0 = Release|Any CPU
		{295F4CF6-FF43-452B-B70C-EF49F4CF715B}.Debug|Any CPU.ActiveCfg = Debug|Any CPU
		{295F4CF6-FF43-452B-B70C-EF49F4CF715B}.Debug|Any CPU.Build.0 = Debug|Any CPU
		{295F4CF6-FF43-452B-B70C-EF49F4CF715B}.Release|Any CPU.ActiveCfg = Release|Any CPU
		{295F4CF6-FF43-452B-B70C-EF49F4CF715B}.Release|Any CPU.Build.0 = Release|Any CPU
		{DD3E5C97-3730-4DA4-8041-911483A1BDEE}.Debug|Any CPU.ActiveCfg = Debug|Any CPU
		{DD3E5C97-3730-4DA4-8041-911483A1BDEE}.Debug|Any CPU.Build.0 = Debug|Any CPU
		{DD3E5C97-3730-4DA4-8041-911483A1BDEE}.Release|Any CPU.ActiveCfg = Release|Any CPU
		{DD3E5C97-3730-4DA4-8041-911483A1BDEE}.Release|Any CPU.Build.0 = Release|Any CPU
		{E5E66FAE-2E82-445C-B51A-FF1D450FA14A}.Debug|Any CPU.ActiveCfg = Debug|Any CPU
		{E5E66FAE-2E82-445C-B51A-FF1D450FA14A}.Debug|Any CPU.Build.0 = Debug|Any CPU
		{E5E66FAE-2E82-445C-B51A-FF1D450FA14A}.Release|Any CPU.ActiveCfg = Release|Any CPU
		{E5E66FAE-2E82-445C-B51A-FF1D450FA14A}.Release|Any CPU.Build.0 = Release|Any CPU
		{D9B0253E-3CCC-4B8D-B0B2-0B764D770E88}.Debug|Any CPU.ActiveCfg = Debug|Any CPU
		{D9B0253E-3CCC-4B8D-B0B2-0B764D770E88}.Debug|Any CPU.Build.0 = Debug|Any CPU
		{D9B0253E-3CCC-4B8D-B0B2-0B764D770E88}.Release|Any CPU.ActiveCfg = Release|Any CPU
		{D9B0253E-3CCC-4B8D-B0B2-0B764D770E88}.Release|Any CPU.Build.0 = Release|Any CPU
		{8E36BFBE-5FD4-42E4-8060-43D31EE5F74E}.Debug|Any CPU.ActiveCfg = Debug|Any CPU
		{8E36BFBE-5FD4-42E4-8060-43D31EE5F74E}.Debug|Any CPU.Build.0 = Debug|Any CPU
		{8E36BFBE-5FD4-42E4-8060-43D31EE5F74E}.Release|Any CPU.ActiveCfg = Release|Any CPU
		{8E36BFBE-5FD4-42E4-8060-43D31EE5F74E}.Release|Any CPU.Build.0 = Release|Any CPU
		{A0AA1EBD-B3FE-4F08-B559-D2784D52134F}.Debug|Any CPU.ActiveCfg = Debug|Any CPU
		{A0AA1EBD-B3FE-4F08-B559-D2784D52134F}.Debug|Any CPU.Build.0 = Debug|Any CPU
		{A0AA1EBD-B3FE-4F08-B559-D2784D52134F}.Release|Any CPU.ActiveCfg = Release|Any CPU
		{A0AA1EBD-B3FE-4F08-B559-D2784D52134F}.Release|Any CPU.Build.0 = Release|Any CPU
		{3E5B5BAB-95EA-4D05-B47D-E6B1F3E80079}.Debug|Any CPU.ActiveCfg = Debug|Any CPU
		{3E5B5BAB-95EA-4D05-B47D-E6B1F3E80079}.Debug|Any CPU.Build.0 = Debug|Any CPU
		{3E5B5BAB-95EA-4D05-B47D-E6B1F3E80079}.Release|Any CPU.ActiveCfg = Release|Any CPU
		{3E5B5BAB-95EA-4D05-B47D-E6B1F3E80079}.Release|Any CPU.Build.0 = Release|Any CPU
		{0CD78B0E-F9A2-4508-918A-D1DCBC53AAB9}.Debug|Any CPU.ActiveCfg = Debug|Any CPU
		{0CD78B0E-F9A2-4508-918A-D1DCBC53AAB9}.Debug|Any CPU.Build.0 = Debug|Any CPU
		{0CD78B0E-F9A2-4508-918A-D1DCBC53AAB9}.Release|Any CPU.ActiveCfg = Release|Any CPU
		{0CD78B0E-F9A2-4508-918A-D1DCBC53AAB9}.Release|Any CPU.Build.0 = Release|Any CPU
		{2E12C424-854E-4148-AD6D-A570FC727A66}.Debug|Any CPU.ActiveCfg = Debug|Any CPU
		{2E12C424-854E-4148-AD6D-A570FC727A66}.Debug|Any CPU.Build.0 = Debug|Any CPU
		{2E12C424-854E-4148-AD6D-A570FC727A66}.Release|Any CPU.ActiveCfg = Release|Any CPU
		{2E12C424-854E-4148-AD6D-A570FC727A66}.Release|Any CPU.Build.0 = Release|Any CPU
		{8BB50C0A-2EA3-4851-8700-6A4B72E7FDEC}.Debug|Any CPU.ActiveCfg = Debug|Any CPU
		{8BB50C0A-2EA3-4851-8700-6A4B72E7FDEC}.Debug|Any CPU.Build.0 = Debug|Any CPU
		{8BB50C0A-2EA3-4851-8700-6A4B72E7FDEC}.Release|Any CPU.ActiveCfg = Release|Any CPU
		{8BB50C0A-2EA3-4851-8700-6A4B72E7FDEC}.Release|Any CPU.Build.0 = Release|Any CPU
		{12029363-DD2C-440F-BD42-6D29DE2020BD}.Debug|Any CPU.ActiveCfg = Debug|Any CPU
		{12029363-DD2C-440F-BD42-6D29DE2020BD}.Debug|Any CPU.Build.0 = Debug|Any CPU
		{12029363-DD2C-440F-BD42-6D29DE2020BD}.Release|Any CPU.ActiveCfg = Release|Any CPU
		{12029363-DD2C-440F-BD42-6D29DE2020BD}.Release|Any CPU.Build.0 = Release|Any CPU
		{E55A3F4F-A98D-4CBF-BB87-0A00451A79A5}.Debug|Any CPU.ActiveCfg = Debug|Any CPU
		{E55A3F4F-A98D-4CBF-BB87-0A00451A79A5}.Debug|Any CPU.Build.0 = Debug|Any CPU
		{E55A3F4F-A98D-4CBF-BB87-0A00451A79A5}.Release|Any CPU.ActiveCfg = Release|Any CPU
		{E55A3F4F-A98D-4CBF-BB87-0A00451A79A5}.Release|Any CPU.Build.0 = Release|Any CPU
		{4A92FACB-F25B-43C5-958B-1229C52D3544}.Debug|Any CPU.ActiveCfg = Debug|Any CPU
		{4A92FACB-F25B-43C5-958B-1229C52D3544}.Debug|Any CPU.Build.0 = Debug|Any CPU
		{4A92FACB-F25B-43C5-958B-1229C52D3544}.Release|Any CPU.ActiveCfg = Release|Any CPU
		{4A92FACB-F25B-43C5-958B-1229C52D3544}.Release|Any CPU.Build.0 = Release|Any CPU
		{34478E52-89A6-42B2-906F-4DA015B8861E}.Debug|Any CPU.ActiveCfg = Debug|Any CPU
		{34478E52-89A6-42B2-906F-4DA015B8861E}.Debug|Any CPU.Build.0 = Debug|Any CPU
		{34478E52-89A6-42B2-906F-4DA015B8861E}.Release|Any CPU.ActiveCfg = Release|Any CPU
		{34478E52-89A6-42B2-906F-4DA015B8861E}.Release|Any CPU.Build.0 = Release|Any CPU
		{BEBBB54E-147E-4DD7-94CF-D9A21C4099A5}.Debug|Any CPU.ActiveCfg = Debug|Any CPU
		{BEBBB54E-147E-4DD7-94CF-D9A21C4099A5}.Debug|Any CPU.Build.0 = Debug|Any CPU
		{BEBBB54E-147E-4DD7-94CF-D9A21C4099A5}.Release|Any CPU.ActiveCfg = Release|Any CPU
		{BEBBB54E-147E-4DD7-94CF-D9A21C4099A5}.Release|Any CPU.Build.0 = Release|Any CPU
		{E192D091-705B-46BB-B2D2-F2131333C248}.Debug|Any CPU.ActiveCfg = Debug|Any CPU
		{E192D091-705B-46BB-B2D2-F2131333C248}.Debug|Any CPU.Build.0 = Debug|Any CPU
		{E192D091-705B-46BB-B2D2-F2131333C248}.Release|Any CPU.ActiveCfg = Release|Any CPU
		{E192D091-705B-46BB-B2D2-F2131333C248}.Release|Any CPU.Build.0 = Release|Any CPU
		{4A6147B5-3C88-44F5-872D-E1153431D90B}.Debug|Any CPU.ActiveCfg = Debug|Any CPU
		{4A6147B5-3C88-44F5-872D-E1153431D90B}.Debug|Any CPU.Build.0 = Debug|Any CPU
		{4A6147B5-3C88-44F5-872D-E1153431D90B}.Release|Any CPU.ActiveCfg = Release|Any CPU
		{4A6147B5-3C88-44F5-872D-E1153431D90B}.Release|Any CPU.Build.0 = Release|Any CPU
		{BDB1886A-BB57-439F-B6CA-965D9E60F1ED}.Debug|Any CPU.ActiveCfg = Debug|Any CPU
		{BDB1886A-BB57-439F-B6CA-965D9E60F1ED}.Debug|Any CPU.Build.0 = Debug|Any CPU
		{BDB1886A-BB57-439F-B6CA-965D9E60F1ED}.Release|Any CPU.ActiveCfg = Release|Any CPU
		{BDB1886A-BB57-439F-B6CA-965D9E60F1ED}.Release|Any CPU.Build.0 = Release|Any CPU
		{E4D8C978-30EB-40A8-974A-C5CD8FD59F83}.Debug|Any CPU.ActiveCfg = Debug|Any CPU
		{E4D8C978-30EB-40A8-974A-C5CD8FD59F83}.Debug|Any CPU.Build.0 = Debug|Any CPU
		{E4D8C978-30EB-40A8-974A-C5CD8FD59F83}.Release|Any CPU.ActiveCfg = Release|Any CPU
		{E4D8C978-30EB-40A8-974A-C5CD8FD59F83}.Release|Any CPU.Build.0 = Release|Any CPU
		{7EFD93EA-AD2B-4165-9FAD-58801796F9E9}.Debug|Any CPU.ActiveCfg = Debug|Any CPU
		{7EFD93EA-AD2B-4165-9FAD-58801796F9E9}.Debug|Any CPU.Build.0 = Debug|Any CPU
		{7EFD93EA-AD2B-4165-9FAD-58801796F9E9}.Release|Any CPU.ActiveCfg = Release|Any CPU
		{7EFD93EA-AD2B-4165-9FAD-58801796F9E9}.Release|Any CPU.Build.0 = Release|Any CPU
		{DDDA5218-42D0-4120-BD28-17499AC503BA}.Debug|Any CPU.ActiveCfg = Debug|Any CPU
		{DDDA5218-42D0-4120-BD28-17499AC503BA}.Debug|Any CPU.Build.0 = Debug|Any CPU
		{DDDA5218-42D0-4120-BD28-17499AC503BA}.Release|Any CPU.ActiveCfg = Release|Any CPU
		{DDDA5218-42D0-4120-BD28-17499AC503BA}.Release|Any CPU.Build.0 = Release|Any CPU
		{1F7CEB44-9485-4971-8A77-40C5CE939C49}.Debug|Any CPU.ActiveCfg = Debug|Any CPU
		{1F7CEB44-9485-4971-8A77-40C5CE939C49}.Debug|Any CPU.Build.0 = Debug|Any CPU
		{1F7CEB44-9485-4971-8A77-40C5CE939C49}.Release|Any CPU.ActiveCfg = Release|Any CPU
		{1F7CEB44-9485-4971-8A77-40C5CE939C49}.Release|Any CPU.Build.0 = Release|Any CPU
	EndGlobalSection
	GlobalSection(SolutionProperties) = preSolution
		HideSolutionNode = FALSE
	EndGlobalSection
	GlobalSection(ExtensibilityGlobals) = postSolution
		SolutionGuid = {F7333073-F80E-4C07-B18D-9ECC771E3271}
	EndGlobalSection
EndGlobal
