
Microsoft Visual Studio Solution File, Format Version 12.00
# Visual Studio Version 17
VisualStudioVersion = 17.2.32630.192
MinimumVisualStudioVersion = 10.0.40219.1
Project("{9A19103F-16F7-4668-BE54-9A1E7A4F7556}") = "R5T.S0105", "R5T.S0105\R5T.S0105.csproj", "{8670531B-B321-4EE9-A357-8460047A67A7}"
EndProject
Global
	GlobalSection(SolutionConfigurationPlatforms) = preSolution
		Debug|Any CPU = Debug|Any CPU
		Release|Any CPU = Release|Any CPU
	EndGlobalSection
	GlobalSection(ProjectConfigurationPlatforms) = postSolution
		{8670531B-B321-4EE9-A357-8460047A67A7}.Debug|Any CPU.ActiveCfg = Debug|Any CPU
		{8670531B-B321-4EE9-A357-8460047A67A7}.Debug|Any CPU.Build.0 = Debug|Any CPU
		{8670531B-B321-4EE9-A357-8460047A67A7}.Release|Any CPU.ActiveCfg = Release|Any CPU
		{8670531B-B321-4EE9-A357-8460047A67A7}.Release|Any CPU.Build.0 = Release|Any CPU
	EndGlobalSection
	GlobalSection(SolutionProperties) = preSolution
		HideSolutionNode = FALSE
	EndGlobalSection
	GlobalSection(ExtensibilityGlobals) = postSolution
		SolutionGuid = {F7333073-F80E-4C07-B18D-9ECC771E3271}
	EndGlobalSection
EndGlobal
